// !$*UTF8*$!
{
	archiveVersion = 1;
	classes = {
	};
	objectVersion = 46;
	objects = {

/* Begin PBXBuildFile section */
		1F1714221EDD74A500166C1E /* SpinnerTableViewCell.swift in Sources */ = {isa = PBXBuildFile; fileRef = 1F1714201EDD74A500166C1E /* SpinnerTableViewCell.swift */; };
		1F5452D61EC20418008FD8F8 /* WKPresenter.swift in Sources */ = {isa = PBXBuildFile; fileRef = 1F5452D51EC20418008FD8F8 /* WKPresenter.swift */; };
		1F5452EB1EC4A643008FD8F8 /* WKTableViewCell.swift in Sources */ = {isa = PBXBuildFile; fileRef = 1F5452EA1EC4A643008FD8F8 /* WKTableViewCell.swift */; };
		1F5452ED1EC4A95A008FD8F8 /* WKTableView.swift in Sources */ = {isa = PBXBuildFile; fileRef = 1F5452EC1EC4A95A008FD8F8 /* WKTableView.swift */; };
		1F5A5AFE1F364523005F7F18 /* WKViewControllerPresenter.swift in Sources */ = {isa = PBXBuildFile; fileRef = 1F5A5AFD1F364523005F7F18 /* WKViewControllerPresenter.swift */; };
		1F5A5B001F36467E005F7F18 /* WKBaseViewController.swift in Sources */ = {isa = PBXBuildFile; fileRef = 1F5A5AFF1F36467E005F7F18 /* WKBaseViewController.swift */; };
		1F780EA81EBE3456003A326D /* AlamofireResponse.swift in Sources */ = {isa = PBXBuildFile; fileRef = 1F780EA71EBE3456003A326D /* AlamofireResponse.swift */; };
		1F780EAC1EC0873B003A326D /* Date.swift in Sources */ = {isa = PBXBuildFile; fileRef = 1F780EAB1EC0873B003A326D /* Date.swift */; };
		1F780EAF1EC094F6003A326D /* WKMediaPickerHelper.swift in Sources */ = {isa = PBXBuildFile; fileRef = 1F780EAE1EC094F6003A326D /* WKMediaPickerHelper.swift */; };
		1F780EB11EC095F3003A326D /* WKMedia.swift in Sources */ = {isa = PBXBuildFile; fileRef = 1F780EB01EC095F3003A326D /* WKMedia.swift */; };
		1F780EB31EC0AB91003A326D /* UIImage.swift in Sources */ = {isa = PBXBuildFile; fileRef = 1F780EB21EC0AB91003A326D /* UIImage.swift */; };
		1F780EB51EC0ACA4003A326D /* Collection.swift in Sources */ = {isa = PBXBuildFile; fileRef = 1F780EB41EC0ACA4003A326D /* Collection.swift */; };
		1F780EB91EC0AE00003A326D /* CALayer.swift in Sources */ = {isa = PBXBuildFile; fileRef = 1F780EB81EC0AE00003A326D /* CALayer.swift */; };
		1F780EC41EC0B51E003A326D /* UIAlertController.swift in Sources */ = {isa = PBXBuildFile; fileRef = 1F780EBC1EC0B51E003A326D /* UIAlertController.swift */; };
		1F780EC51EC0B51E003A326D /* WKCollectionViewController.swift in Sources */ = {isa = PBXBuildFile; fileRef = 1F780EBD1EC0B51E003A326D /* WKCollectionViewController.swift */; };
		1F780EC61EC0B51E003A326D /* WKTableViewController.swift in Sources */ = {isa = PBXBuildFile; fileRef = 1F780EBE1EC0B51E003A326D /* WKTableViewController.swift */; };
		1F780EC71EC0B51E003A326D /* WKViewController.swift in Sources */ = {isa = PBXBuildFile; fileRef = 1F780EBF1EC0B51E003A326D /* WKViewController.swift */; };
		1F780EC81EC0B51E003A326D /* WKButton.swift in Sources */ = {isa = PBXBuildFile; fileRef = 1F780EC11EC0B51E003A326D /* WKButton.swift */; };
		1F780EC91EC0B51E003A326D /* WKImageView.swift in Sources */ = {isa = PBXBuildFile; fileRef = 1F780EC21EC0B51E003A326D /* WKImageView.swift */; };
		1F780ECA1EC0B51E003A326D /* WKView.swift in Sources */ = {isa = PBXBuildFile; fileRef = 1F780EC31EC0B51E003A326D /* WKView.swift */; };
		1FBA56661ED85AE000D4A71D /* WKTableViewInfiniteDataSourceDelegate.swift in Sources */ = {isa = PBXBuildFile; fileRef = 1FBA56651ED85AE000D4A71D /* WKTableViewInfiniteDataSourceDelegate.swift */; };
		1FC50AA91EC8999C0021C350 /* WKCollectionView.swift in Sources */ = {isa = PBXBuildFile; fileRef = 1FC50AA81EC8999C0021C350 /* WKCollectionView.swift */; };
		1FC50AAB1EC899DA0021C350 /* WKCollectionViewCell.swift in Sources */ = {isa = PBXBuildFile; fileRef = 1FC50AAA1EC899DA0021C350 /* WKCollectionViewCell.swift */; };
		1FE5486E1EBD34DF0010A630 /* GoogleLocation.swift in Sources */ = {isa = PBXBuildFile; fileRef = 1FE5486C1EBD34DF0010A630 /* GoogleLocation.swift */; };
		1FE5486F1EBD34DF0010A630 /* WKLocationHelper.swift in Sources */ = {isa = PBXBuildFile; fileRef = 1FE5486D1EBD34DF0010A630 /* WKLocationHelper.swift */; };
		1FE548721EBD35F90010A630 /* Resource.swift in Sources */ = {isa = PBXBuildFile; fileRef = 1FE548711EBD35F90010A630 /* Resource.swift */; };
		1FE91E761EBB50790056D27D /* WinkKit.h in Headers */ = {isa = PBXBuildFile; fileRef = 1FE91E741EBB50790056D27D /* WinkKit.h */; settings = {ATTRIBUTES = (Public, ); }; };
		723890B6576DF9C0ABE394B9 /* Pods_WinkKit.framework in Frameworks */ = {isa = PBXBuildFile; fileRef = 3AB55D80BB0D3C4B0CB4230D /* Pods_WinkKit.framework */; };
/* End PBXBuildFile section */

/* Begin PBXFileReference section */
		1F1714201EDD74A500166C1E /* SpinnerTableViewCell.swift */ = {isa = PBXFileReference; fileEncoding = 4; lastKnownFileType = sourcecode.swift; path = SpinnerTableViewCell.swift; sourceTree = "<group>"; };
		1F5452D51EC20418008FD8F8 /* WKPresenter.swift */ = {isa = PBXFileReference; fileEncoding = 4; lastKnownFileType = sourcecode.swift; path = WKPresenter.swift; sourceTree = "<group>"; };
		1F5452EA1EC4A643008FD8F8 /* WKTableViewCell.swift */ = {isa = PBXFileReference; fileEncoding = 4; lastKnownFileType = sourcecode.swift; path = WKTableViewCell.swift; sourceTree = "<group>"; };
		1F5452EC1EC4A95A008FD8F8 /* WKTableView.swift */ = {isa = PBXFileReference; fileEncoding = 4; lastKnownFileType = sourcecode.swift; path = WKTableView.swift; sourceTree = "<group>"; };
		1F5A5AFD1F364523005F7F18 /* WKViewControllerPresenter.swift */ = {isa = PBXFileReference; lastKnownFileType = sourcecode.swift; path = WKViewControllerPresenter.swift; sourceTree = "<group>"; };
		1F5A5AFF1F36467E005F7F18 /* WKBaseViewController.swift */ = {isa = PBXFileReference; lastKnownFileType = sourcecode.swift; path = WKBaseViewController.swift; sourceTree = "<group>"; };
		1F780EA71EBE3456003A326D /* AlamofireResponse.swift */ = {isa = PBXFileReference; fileEncoding = 4; lastKnownFileType = sourcecode.swift; path = AlamofireResponse.swift; sourceTree = "<group>"; };
		1F780EAB1EC0873B003A326D /* Date.swift */ = {isa = PBXFileReference; fileEncoding = 4; lastKnownFileType = sourcecode.swift; path = Date.swift; sourceTree = "<group>"; };
		1F780EAE1EC094F6003A326D /* WKMediaPickerHelper.swift */ = {isa = PBXFileReference; fileEncoding = 4; lastKnownFileType = sourcecode.swift; path = WKMediaPickerHelper.swift; sourceTree = "<group>"; };
		1F780EB01EC095F3003A326D /* WKMedia.swift */ = {isa = PBXFileReference; fileEncoding = 4; lastKnownFileType = sourcecode.swift; path = WKMedia.swift; sourceTree = "<group>"; };
		1F780EB21EC0AB91003A326D /* UIImage.swift */ = {isa = PBXFileReference; fileEncoding = 4; lastKnownFileType = sourcecode.swift; path = UIImage.swift; sourceTree = "<group>"; };
		1F780EB41EC0ACA4003A326D /* Collection.swift */ = {isa = PBXFileReference; fileEncoding = 4; lastKnownFileType = sourcecode.swift; path = Collection.swift; sourceTree = "<group>"; };
		1F780EB81EC0AE00003A326D /* CALayer.swift */ = {isa = PBXFileReference; fileEncoding = 4; lastKnownFileType = sourcecode.swift; path = CALayer.swift; sourceTree = "<group>"; };
		1F780EBC1EC0B51E003A326D /* UIAlertController.swift */ = {isa = PBXFileReference; fileEncoding = 4; lastKnownFileType = sourcecode.swift; name = UIAlertController.swift; path = ../UI/ViewControllers/UIAlertController.swift; sourceTree = "<group>"; };
		1F780EBD1EC0B51E003A326D /* WKCollectionViewController.swift */ = {isa = PBXFileReference; fileEncoding = 4; lastKnownFileType = sourcecode.swift; path = WKCollectionViewController.swift; sourceTree = "<group>"; };
		1F780EBE1EC0B51E003A326D /* WKTableViewController.swift */ = {isa = PBXFileReference; fileEncoding = 4; lastKnownFileType = sourcecode.swift; path = WKTableViewController.swift; sourceTree = "<group>"; };
		1F780EBF1EC0B51E003A326D /* WKViewController.swift */ = {isa = PBXFileReference; fileEncoding = 4; lastKnownFileType = sourcecode.swift; path = WKViewController.swift; sourceTree = "<group>"; };
		1F780EC11EC0B51E003A326D /* WKButton.swift */ = {isa = PBXFileReference; fileEncoding = 4; lastKnownFileType = sourcecode.swift; path = WKButton.swift; sourceTree = "<group>"; };
		1F780EC21EC0B51E003A326D /* WKImageView.swift */ = {isa = PBXFileReference; fileEncoding = 4; lastKnownFileType = sourcecode.swift; path = WKImageView.swift; sourceTree = "<group>"; };
		1F780EC31EC0B51E003A326D /* WKView.swift */ = {isa = PBXFileReference; fileEncoding = 4; lastKnownFileType = sourcecode.swift; path = WKView.swift; sourceTree = "<group>"; };
		1FBA56651ED85AE000D4A71D /* WKTableViewInfiniteDataSourceDelegate.swift */ = {isa = PBXFileReference; fileEncoding = 4; lastKnownFileType = sourcecode.swift; path = WKTableViewInfiniteDataSourceDelegate.swift; sourceTree = "<group>"; };
		1FC50AA81EC8999C0021C350 /* WKCollectionView.swift */ = {isa = PBXFileReference; fileEncoding = 4; lastKnownFileType = sourcecode.swift; path = WKCollectionView.swift; sourceTree = "<group>"; };
		1FC50AAA1EC899DA0021C350 /* WKCollectionViewCell.swift */ = {isa = PBXFileReference; fileEncoding = 4; lastKnownFileType = sourcecode.swift; path = WKCollectionViewCell.swift; sourceTree = "<group>"; };
		1FE5486C1EBD34DF0010A630 /* GoogleLocation.swift */ = {isa = PBXFileReference; fileEncoding = 4; lastKnownFileType = sourcecode.swift; path = GoogleLocation.swift; sourceTree = "<group>"; };
		1FE5486D1EBD34DF0010A630 /* WKLocationHelper.swift */ = {isa = PBXFileReference; fileEncoding = 4; lastKnownFileType = sourcecode.swift; path = WKLocationHelper.swift; sourceTree = "<group>"; };
		1FE548711EBD35F90010A630 /* Resource.swift */ = {isa = PBXFileReference; fileEncoding = 4; lastKnownFileType = sourcecode.swift; path = Resource.swift; sourceTree = "<group>"; };
		1FE91E711EBB50790056D27D /* WinkKit.framework */ = {isa = PBXFileReference; explicitFileType = wrapper.framework; includeInIndex = 0; path = WinkKit.framework; sourceTree = BUILT_PRODUCTS_DIR; };
		1FE91E741EBB50790056D27D /* WinkKit.h */ = {isa = PBXFileReference; lastKnownFileType = sourcecode.c.h; path = WinkKit.h; sourceTree = "<group>"; };
		1FE91E751EBB50790056D27D /* Info.plist */ = {isa = PBXFileReference; lastKnownFileType = text.plist.xml; path = Info.plist; sourceTree = "<group>"; };
		20CC7AB49C38AC6C6D51CB0A /* Pods-WinkKit.debug.xcconfig */ = {isa = PBXFileReference; includeInIndex = 1; lastKnownFileType = text.xcconfig; name = "Pods-WinkKit.debug.xcconfig"; path = "Pods/Target Support Files/Pods-WinkKit/Pods-WinkKit.debug.xcconfig"; sourceTree = "<group>"; };
		3A09CA5221DE1C7DC47E9D29 /* Pods-WinkKit.release.xcconfig */ = {isa = PBXFileReference; includeInIndex = 1; lastKnownFileType = text.xcconfig; name = "Pods-WinkKit.release.xcconfig"; path = "Pods/Target Support Files/Pods-WinkKit/Pods-WinkKit.release.xcconfig"; sourceTree = "<group>"; };
		3AB55D80BB0D3C4B0CB4230D /* Pods_WinkKit.framework */ = {isa = PBXFileReference; explicitFileType = wrapper.framework; includeInIndex = 0; path = Pods_WinkKit.framework; sourceTree = BUILT_PRODUCTS_DIR; };
/* End PBXFileReference section */

/* Begin PBXFrameworksBuildPhase section */
		1FE91E6D1EBB50790056D27D /* Frameworks */ = {
			isa = PBXFrameworksBuildPhase;
			buildActionMask = 2147483647;
			files = (
				723890B6576DF9C0ABE394B9 /* Pods_WinkKit.framework in Frameworks */,
			);
			runOnlyForDeploymentPostprocessing = 0;
		};
/* End PBXFrameworksBuildPhase section */

/* Begin PBXGroup section */
		1F5452E91EC4A643008FD8F8 /* WKTableView */ = {
			isa = PBXGroup;
			children = (
				1F5452EC1EC4A95A008FD8F8 /* WKTableView.swift */,
				1F5452EA1EC4A643008FD8F8 /* WKTableViewCell.swift */,
				1FBA56651ED85AE000D4A71D /* WKTableViewInfiniteDataSourceDelegate.swift */,
				1F1714201EDD74A500166C1E /* SpinnerTableViewCell.swift */,
			);
			path = WKTableView;
			sourceTree = "<group>";
		};
		1F5A5AFC1F3644FB005F7F18 /* Presenter */ = {
			isa = PBXGroup;
			children = (
				1F5452D51EC20418008FD8F8 /* WKPresenter.swift */,
				1F5A5AFD1F364523005F7F18 /* WKViewControllerPresenter.swift */,
			);
			path = Presenter;
			sourceTree = "<group>";
		};
		1F780EAA1EC086C1003A326D /* Extensions */ = {
			isa = PBXGroup;
			children = (
				1F780EBC1EC0B51E003A326D /* UIAlertController.swift */,
				1F780EAB1EC0873B003A326D /* Date.swift */,
				1F780EB21EC0AB91003A326D /* UIImage.swift */,
				1F780EB41EC0ACA4003A326D /* Collection.swift */,
				1F780EB81EC0AE00003A326D /* CALayer.swift */,
			);
			path = Extensions;
			sourceTree = "<group>";
		};
		1F780EAD1EC094F6003A326D /* WKMediaPickerHelper */ = {
			isa = PBXGroup;
			children = (
				1F780EB01EC095F3003A326D /* WKMedia.swift */,
				1F780EAE1EC094F6003A326D /* WKMediaPickerHelper.swift */,
			);
			path = WKMediaPickerHelper;
			sourceTree = "<group>";
		};
		1F780EBA1EC0B51E003A326D /* UI */ = {
			isa = PBXGroup;
			children = (
				1F5A5AFC1F3644FB005F7F18 /* Presenter */,
				1F780EBB1EC0B51E003A326D /* ViewControllers */,
				1F780EC01EC0B51E003A326D /* Views */,
			);
			path = UI;
			sourceTree = "<group>";
		};
		1F780EBB1EC0B51E003A326D /* ViewControllers */ = {
			isa = PBXGroup;
			children = (
				1F780EBD1EC0B51E003A326D /* WKCollectionViewController.swift */,
				1F780EBE1EC0B51E003A326D /* WKTableViewController.swift */,
				1F780EBF1EC0B51E003A326D /* WKViewController.swift */,
				1F5A5AFF1F36467E005F7F18 /* WKBaseViewController.swift */,
			);
			path = ViewControllers;
			sourceTree = "<group>";
		};
		1F780EC01EC0B51E003A326D /* Views */ = {
			isa = PBXGroup;
			children = (
				1FC50AA71EC8930F0021C350 /* WKCollectionView */,
				1F5452E91EC4A643008FD8F8 /* WKTableView */,
				1F780EC11EC0B51E003A326D /* WKButton.swift */,
				1F780EC21EC0B51E003A326D /* WKImageView.swift */,
				1F780EC31EC0B51E003A326D /* WKView.swift */,
			);
			path = Views;
			sourceTree = "<group>";
		};
		1FC50AA71EC8930F0021C350 /* WKCollectionView */ = {
			isa = PBXGroup;
			children = (
				1FC50AA81EC8999C0021C350 /* WKCollectionView.swift */,
				1FC50AAA1EC899DA0021C350 /* WKCollectionViewCell.swift */,
			);
			path = WKCollectionView;
			sourceTree = "<group>";
		};
		1FE548681EBD33750010A630 /* Helpers */ = {
			isa = PBXGroup;
			children = (
				1F780EAD1EC094F6003A326D /* WKMediaPickerHelper */,
				1FE5486B1EBD34DF0010A630 /* WKLocationHelper */,
			);
			path = Helpers;
			sourceTree = "<group>";
		};
		1FE5486B1EBD34DF0010A630 /* WKLocationHelper */ = {
			isa = PBXGroup;
			children = (
				1FE5486C1EBD34DF0010A630 /* GoogleLocation.swift */,
				1FE5486D1EBD34DF0010A630 /* WKLocationHelper.swift */,
			);
			path = WKLocationHelper;
			sourceTree = "<group>";
		};
		1FE548701EBD35EC0010A630 /* Networking */ = {
			isa = PBXGroup;
			children = (
				1FE548711EBD35F90010A630 /* Resource.swift */,
				1F780EA71EBE3456003A326D /* AlamofireResponse.swift */,
			);
			path = Networking;
			sourceTree = "<group>";
		};
		1FE91E671EBB50790056D27D = {
			isa = PBXGroup;
			children = (
				1FE91E731EBB50790056D27D /* WinkKit */,
				1FE91E721EBB50790056D27D /* Products */,
				974DA31D0A3204B229041F5F /* Pods */,
				3D67D3B37D2279B2BE7B40BF /* Frameworks */,
			);
			sourceTree = "<group>";
		};
		1FE91E721EBB50790056D27D /* Products */ = {
			isa = PBXGroup;
			children = (
				1FE91E711EBB50790056D27D /* WinkKit.framework */,
			);
			name = Products;
			sourceTree = "<group>";
		};
		1FE91E731EBB50790056D27D /* WinkKit */ = {
			isa = PBXGroup;
			children = (
				1F780EAA1EC086C1003A326D /* Extensions */,
				1FE548701EBD35EC0010A630 /* Networking */,
				1FE548681EBD33750010A630 /* Helpers */,
				1F780EBA1EC0B51E003A326D /* UI */,
				1FE91E741EBB50790056D27D /* WinkKit.h */,
				1FE91E751EBB50790056D27D /* Info.plist */,
			);
			path = WinkKit;
			sourceTree = "<group>";
		};
		3D67D3B37D2279B2BE7B40BF /* Frameworks */ = {
			isa = PBXGroup;
			children = (
				3AB55D80BB0D3C4B0CB4230D /* Pods_WinkKit.framework */,
			);
			name = Frameworks;
			sourceTree = "<group>";
		};
		974DA31D0A3204B229041F5F /* Pods */ = {
			isa = PBXGroup;
			children = (
				20CC7AB49C38AC6C6D51CB0A /* Pods-WinkKit.debug.xcconfig */,
				3A09CA5221DE1C7DC47E9D29 /* Pods-WinkKit.release.xcconfig */,
			);
			name = Pods;
			sourceTree = "<group>";
		};
/* End PBXGroup section */

/* Begin PBXHeadersBuildPhase section */
		1FE91E6E1EBB50790056D27D /* Headers */ = {
			isa = PBXHeadersBuildPhase;
			buildActionMask = 2147483647;
			files = (
				1FE91E761EBB50790056D27D /* WinkKit.h in Headers */,
			);
			runOnlyForDeploymentPostprocessing = 0;
		};
/* End PBXHeadersBuildPhase section */

/* Begin PBXNativeTarget section */
		1FE91E701EBB50790056D27D /* WinkKit */ = {
			isa = PBXNativeTarget;
			buildConfigurationList = 1FE91E791EBB50790056D27D /* Build configuration list for PBXNativeTarget "WinkKit" */;
			buildPhases = (
				1C12885E722BD7184D13EA0C /* [CP] Check Pods Manifest.lock */,
				1FE91E6C1EBB50790056D27D /* Sources */,
				1FE91E6D1EBB50790056D27D /* Frameworks */,
				1FE91E6E1EBB50790056D27D /* Headers */,
				1FE91E6F1EBB50790056D27D /* Resources */,
				0FF5A9114BEB52AD7C1F42B1 /* [CP] Copy Pods Resources */,
			);
			buildRules = (
			);
			dependencies = (
			);
			name = WinkKit;
			productName = WinkKit;
			productReference = 1FE91E711EBB50790056D27D /* WinkKit.framework */;
			productType = "com.apple.product-type.framework";
		};
/* End PBXNativeTarget section */

/* Begin PBXProject section */
		1FE91E681EBB50790056D27D /* Project object */ = {
			isa = PBXProject;
			attributes = {
				LastUpgradeCheck = 0830;
				ORGANIZATIONNAME = "Wink srl";
				TargetAttributes = {
					1FE91E701EBB50790056D27D = {
						CreatedOnToolsVersion = 8.3.2;
						DevelopmentTeam = W532XC988Y;
						LastSwiftMigration = 0830;
						ProvisioningStyle = Automatic;
					};
				};
			};
			buildConfigurationList = 1FE91E6B1EBB50790056D27D /* Build configuration list for PBXProject "WinkKit" */;
			compatibilityVersion = "Xcode 3.2";
			developmentRegion = English;
			hasScannedForEncodings = 0;
			knownRegions = (
				en,
				it,
			);
			mainGroup = 1FE91E671EBB50790056D27D;
			productRefGroup = 1FE91E721EBB50790056D27D /* Products */;
			projectDirPath = "";
			projectRoot = "";
			targets = (
				1FE91E701EBB50790056D27D /* WinkKit */,
			);
		};
/* End PBXProject section */

/* Begin PBXResourcesBuildPhase section */
		1FE91E6F1EBB50790056D27D /* Resources */ = {
			isa = PBXResourcesBuildPhase;
			buildActionMask = 2147483647;
			files = (
			);
			runOnlyForDeploymentPostprocessing = 0;
		};
/* End PBXResourcesBuildPhase section */

/* Begin PBXShellScriptBuildPhase section */
		0FF5A9114BEB52AD7C1F42B1 /* [CP] Copy Pods Resources */ = {
			isa = PBXShellScriptBuildPhase;
			buildActionMask = 2147483647;
			files = (
			);
			inputPaths = (
			);
			name = "[CP] Copy Pods Resources";
			outputPaths = (
			);
			runOnlyForDeploymentPostprocessing = 0;
			shellPath = /bin/sh;
			shellScript = "\"${SRCROOT}/Pods/Target Support Files/Pods-WinkKit/Pods-WinkKit-resources.sh\"\n";
			showEnvVarsInLog = 0;
		};
		1C12885E722BD7184D13EA0C /* [CP] Check Pods Manifest.lock */ = {
			isa = PBXShellScriptBuildPhase;
			buildActionMask = 2147483647;
			files = (
			);
			inputPaths = (
			);
			name = "[CP] Check Pods Manifest.lock";
			outputPaths = (
			);
			runOnlyForDeploymentPostprocessing = 0;
			shellPath = /bin/sh;
			shellScript = "diff \"${PODS_PODFILE_DIR_PATH}/Podfile.lock\" \"${PODS_ROOT}/Manifest.lock\" > /dev/null\nif [ $? != 0 ] ; then\n    # print error to STDERR\n    echo \"error: The sandbox is not in sync with the Podfile.lock. Run 'pod install' or update your CocoaPods installation.\" >&2\n    exit 1\nfi\n";
			showEnvVarsInLog = 0;
		};
/* End PBXShellScriptBuildPhase section */

/* Begin PBXSourcesBuildPhase section */
		1FE91E6C1EBB50790056D27D /* Sources */ = {
			isa = PBXSourcesBuildPhase;
			buildActionMask = 2147483647;
			files = (
				1F780EC71EC0B51E003A326D /* WKViewController.swift in Sources */,
				1F5A5B001F36467E005F7F18 /* WKBaseViewController.swift in Sources */,
				1F5452EB1EC4A643008FD8F8 /* WKTableViewCell.swift in Sources */,
				1F780EA81EBE3456003A326D /* AlamofireResponse.swift in Sources */,
				1F780EC91EC0B51E003A326D /* WKImageView.swift in Sources */,
				1FE548721EBD35F90010A630 /* Resource.swift in Sources */,
				1F780EB31EC0AB91003A326D /* UIImage.swift in Sources */,
				1F780EB51EC0ACA4003A326D /* Collection.swift in Sources */,
				1F780ECA1EC0B51E003A326D /* WKView.swift in Sources */,
				1F780EC51EC0B51E003A326D /* WKCollectionViewController.swift in Sources */,
				1F780EB11EC095F3003A326D /* WKMedia.swift in Sources */,
				1F5452ED1EC4A95A008FD8F8 /* WKTableView.swift in Sources */,
				1F780EC41EC0B51E003A326D /* UIAlertController.swift in Sources */,
				1F780EAC1EC0873B003A326D /* Date.swift in Sources */,
				1FE5486E1EBD34DF0010A630 /* GoogleLocation.swift in Sources */,
				1FC50AA91EC8999C0021C350 /* WKCollectionView.swift in Sources */,
				1F780EC81EC0B51E003A326D /* WKButton.swift in Sources */,
				1F5A5AFE1F364523005F7F18 /* WKViewControllerPresenter.swift in Sources */,
				1FE5486F1EBD34DF0010A630 /* WKLocationHelper.swift in Sources */,
				1F5452D61EC20418008FD8F8 /* WKPresenter.swift in Sources */,
				1F780EC61EC0B51E003A326D /* WKTableViewController.swift in Sources */,
				1F780EB91EC0AE00003A326D /* CALayer.swift in Sources */,
				1FC50AAB1EC899DA0021C350 /* WKCollectionViewCell.swift in Sources */,
				1F1714221EDD74A500166C1E /* SpinnerTableViewCell.swift in Sources */,
				1FBA56661ED85AE000D4A71D /* WKTableViewInfiniteDataSourceDelegate.swift in Sources */,
				1F780EAF1EC094F6003A326D /* WKMediaPickerHelper.swift in Sources */,
			);
			runOnlyForDeploymentPostprocessing = 0;
		};
/* End PBXSourcesBuildPhase section */

/* Begin XCBuildConfiguration section */
		1FE91E771EBB50790056D27D /* Debug */ = {
			isa = XCBuildConfiguration;
			buildSettings = {
				ALWAYS_SEARCH_USER_PATHS = NO;
				CLANG_ANALYZER_NONNULL = YES;
				CLANG_ANALYZER_NUMBER_OBJECT_CONVERSION = YES_AGGRESSIVE;
				CLANG_CXX_LANGUAGE_STANDARD = "gnu++0x";
				CLANG_CXX_LIBRARY = "libc++";
				CLANG_ENABLE_MODULES = YES;
				CLANG_ENABLE_OBJC_ARC = YES;
				CLANG_WARN_BOOL_CONVERSION = YES;
				CLANG_WARN_CONSTANT_CONVERSION = YES;
				CLANG_WARN_DIRECT_OBJC_ISA_USAGE = YES_ERROR;
				CLANG_WARN_DOCUMENTATION_COMMENTS = YES;
				CLANG_WARN_EMPTY_BODY = YES;
				CLANG_WARN_ENUM_CONVERSION = YES;
				CLANG_WARN_INFINITE_RECURSION = YES;
				CLANG_WARN_INT_CONVERSION = YES;
				CLANG_WARN_OBJC_ROOT_CLASS = YES_ERROR;
				CLANG_WARN_SUSPICIOUS_MOVE = YES;
				CLANG_WARN_UNREACHABLE_CODE = YES;
				CLANG_WARN__DUPLICATE_METHOD_MATCH = YES;
				"CODE_SIGN_IDENTITY[sdk=iphoneos*]" = "iPhone Developer";
				COPY_PHASE_STRIP = NO;
				CURRENT_PROJECT_VERSION = 1;
				DEBUG_INFORMATION_FORMAT = dwarf;
				ENABLE_STRICT_OBJC_MSGSEND = YES;
				ENABLE_TESTABILITY = YES;
				GCC_C_LANGUAGE_STANDARD = gnu99;
				GCC_DYNAMIC_NO_PIC = NO;
				GCC_NO_COMMON_BLOCKS = YES;
				GCC_OPTIMIZATION_LEVEL = 0;
				GCC_PREPROCESSOR_DEFINITIONS = (
					"DEBUG=1",
					"$(inherited)",
				);
				GCC_WARN_64_TO_32_BIT_CONVERSION = YES;
				GCC_WARN_ABOUT_RETURN_TYPE = YES_ERROR;
				GCC_WARN_UNDECLARED_SELECTOR = YES;
				GCC_WARN_UNINITIALIZED_AUTOS = YES_AGGRESSIVE;
				GCC_WARN_UNUSED_FUNCTION = YES;
				GCC_WARN_UNUSED_VARIABLE = YES;
				IPHONEOS_DEPLOYMENT_TARGET = 10.3;
				MTL_ENABLE_DEBUG_INFO = YES;
				ONLY_ACTIVE_ARCH = YES;
				SDKROOT = iphoneos;
				SWIFT_ACTIVE_COMPILATION_CONDITIONS = DEBUG;
				SWIFT_OPTIMIZATION_LEVEL = "-Onone";
				SWIFT_VERSION = 4.0;
				TARGETED_DEVICE_FAMILY = "1,2";
				VERSIONING_SYSTEM = "apple-generic";
				VERSION_INFO_PREFIX = "";
			};
			name = Debug;
		};
		1FE91E781EBB50790056D27D /* Release */ = {
			isa = XCBuildConfiguration;
			buildSettings = {
				ALWAYS_SEARCH_USER_PATHS = NO;
				CLANG_ANALYZER_NONNULL = YES;
				CLANG_ANALYZER_NUMBER_OBJECT_CONVERSION = YES_AGGRESSIVE;
				CLANG_CXX_LANGUAGE_STANDARD = "gnu++0x";
				CLANG_CXX_LIBRARY = "libc++";
				CLANG_ENABLE_MODULES = YES;
				CLANG_ENABLE_OBJC_ARC = YES;
				CLANG_WARN_BOOL_CONVERSION = YES;
				CLANG_WARN_CONSTANT_CONVERSION = YES;
				CLANG_WARN_DIRECT_OBJC_ISA_USAGE = YES_ERROR;
				CLANG_WARN_DOCUMENTATION_COMMENTS = YES;
				CLANG_WARN_EMPTY_BODY = YES;
				CLANG_WARN_ENUM_CONVERSION = YES;
				CLANG_WARN_INFINITE_RECURSION = YES;
				CLANG_WARN_INT_CONVERSION = YES;
				CLANG_WARN_OBJC_ROOT_CLASS = YES_ERROR;
				CLANG_WARN_SUSPICIOUS_MOVE = YES;
				CLANG_WARN_UNREACHABLE_CODE = YES;
				CLANG_WARN__DUPLICATE_METHOD_MATCH = YES;
				"CODE_SIGN_IDENTITY[sdk=iphoneos*]" = "iPhone Developer";
				COPY_PHASE_STRIP = NO;
				CURRENT_PROJECT_VERSION = 1;
				DEBUG_INFORMATION_FORMAT = "dwarf-with-dsym";
				ENABLE_NS_ASSERTIONS = NO;
				ENABLE_STRICT_OBJC_MSGSEND = YES;
				GCC_C_LANGUAGE_STANDARD = gnu99;
				GCC_NO_COMMON_BLOCKS = YES;
				GCC_WARN_64_TO_32_BIT_CONVERSION = YES;
				GCC_WARN_ABOUT_RETURN_TYPE = YES_ERROR;
				GCC_WARN_UNDECLARED_SELECTOR = YES;
				GCC_WARN_UNINITIALIZED_AUTOS = YES_AGGRESSIVE;
				GCC_WARN_UNUSED_FUNCTION = YES;
				GCC_WARN_UNUSED_VARIABLE = YES;
				IPHONEOS_DEPLOYMENT_TARGET = 10.3;
				MTL_ENABLE_DEBUG_INFO = NO;
				SDKROOT = iphoneos;
				SWIFT_OPTIMIZATION_LEVEL = "-Owholemodule";
				SWIFT_VERSION = 4.0;
				TARGETED_DEVICE_FAMILY = "1,2";
				VALIDATE_PRODUCT = YES;
				VERSIONING_SYSTEM = "apple-generic";
				VERSION_INFO_PREFIX = "";
			};
			name = Release;
		};
		1FE91E7A1EBB50790056D27D /* Debug */ = {
			isa = XCBuildConfiguration;
			baseConfigurationReference = 20CC7AB49C38AC6C6D51CB0A /* Pods-WinkKit.debug.xcconfig */;
			buildSettings = {
				CLANG_ENABLE_MODULES = YES;
				CODE_SIGN_IDENTITY = "";
				DEFINES_MODULE = YES;
				DEVELOPMENT_TEAM = W532XC988Y;
				DYLIB_COMPATIBILITY_VERSION = 1;
				DYLIB_CURRENT_VERSION = 1;
				DYLIB_INSTALL_NAME_BASE = "@rpath";
				INFOPLIST_FILE = WinkKit/Info.plist;
				INSTALL_PATH = "$(LOCAL_LIBRARY_DIR)/Frameworks";
				LD_RUNPATH_SEARCH_PATHS = "$(inherited) @executable_path/Frameworks @loader_path/Frameworks";
				PRODUCT_BUNDLE_IDENTIFIER = by.wink.WinkKit;
				PRODUCT_NAME = "$(TARGET_NAME)";
				SKIP_INSTALL = YES;
				SWIFT_OPTIMIZATION_LEVEL = "-Onone";
				SWIFT_VERSION = 4.0;
			};
			name = Debug;
		};
		1FE91E7B1EBB50790056D27D /* Release */ = {
			isa = XCBuildConfiguration;
			baseConfigurationReference = 3A09CA5221DE1C7DC47E9D29 /* Pods-WinkKit.release.xcconfig */;
			buildSettings = {
				CLANG_ENABLE_MODULES = YES;
				CODE_SIGN_IDENTITY = "";
				DEFINES_MODULE = YES;
				DEVELOPMENT_TEAM = W532XC988Y;
				DYLIB_COMPATIBILITY_VERSION = 1;
				DYLIB_CURRENT_VERSION = 1;
				DYLIB_INSTALL_NAME_BASE = "@rpath";
				INFOPLIST_FILE = WinkKit/Info.plist;
				INSTALL_PATH = "$(LOCAL_LIBRARY_DIR)/Frameworks";
				LD_RUNPATH_SEARCH_PATHS = "$(inherited) @executable_path/Frameworks @loader_path/Frameworks";
				PRODUCT_BUNDLE_IDENTIFIER = by.wink.WinkKit;
				PRODUCT_NAME = "$(TARGET_NAME)";
				SKIP_INSTALL = YES;
				SWIFT_VERSION = 4.0;
			};
			name = Release;
		};
/* End XCBuildConfiguration section */

/* Begin XCConfigurationList section */
		1FE91E6B1EBB50790056D27D /* Build configuration list for PBXProject "WinkKit" */ = {
			isa = XCConfigurationList;
			buildConfigurations = (
				1FE91E771EBB50790056D27D /* Debug */,
				1FE91E781EBB50790056D27D /* Release */,
			);
			defaultConfigurationIsVisible = 0;
			defaultConfigurationName = Release;
		};
		1FE91E791EBB50790056D27D /* Build configuration list for PBXNativeTarget "WinkKit" */ = {
			isa = XCConfigurationList;
			buildConfigurations = (
				1FE91E7A1EBB50790056D27D /* Debug */,
				1FE91E7B1EBB50790056D27D /* Release */,
			);
			defaultConfigurationIsVisible = 0;
			defaultConfigurationName = Release;
		};
/* End XCConfigurationList section */
	};
	rootObject = 1FE91E681EBB50790056D27D /* Project object */;
}
