// !$*UTF8*$!
{
	archiveVersion = 1;
	classes = {
	};
	objectVersion = 46;
	objects = {

/* Begin PBXBuildFile section */
		1F0586952198FE0100C862E6 /* Test.storyboard in Resources */ = {isa = PBXBuildFile; fileRef = 1F8FB7FA2195C73100C8F556 /* Test.storyboard */; };
		1F05869D2199006D00C862E6 /* WinkKit.framework in Frameworks */ = {isa = PBXBuildFile; fileRef = 1FE91E711EBB50790056D27D /* WinkKit.framework */; settings = {ATTRIBUTES = (Required, ); }; };
		1F0586A2219903D700C862E6 /* Pods_WinkKit.framework in CopyFiles */ = {isa = PBXBuildFile; fileRef = BFEF2ED53E98E905916B620B /* Pods_WinkKit.framework */; settings = {ATTRIBUTES = (CodeSignOnCopy, RemoveHeadersOnCopy, ); }; };
		1F34ADA522636D5F00371DEC /* CGColor.swift in Sources */ = {isa = PBXBuildFile; fileRef = 1F34AD6F22636D5F00371DEC /* CGColor.swift */; };
		1F34ADA622636D5F00371DEC /* WKResult.swift in Sources */ = {isa = PBXBuildFile; fileRef = 1F34AD7322636D5F00371DEC /* WKResult.swift */; };
		1F34ADA722636D5F00371DEC /* WKApiBodyError.swift in Sources */ = {isa = PBXBuildFile; fileRef = 1F34AD7422636D5F00371DEC /* WKApiBodyError.swift */; };
		1F34ADA822636D5F00371DEC /* WinkKit+Alamofire DataRequest.swift in Sources */ = {isa = PBXBuildFile; fileRef = 1F34AD7522636D5F00371DEC /* WinkKit+Alamofire DataRequest.swift */; };
		1F34ADA922636D5F00371DEC /* WKStatusCode.swift in Sources */ = {isa = PBXBuildFile; fileRef = 1F34AD7622636D5F00371DEC /* WKStatusCode.swift */; };
		1F34ADAA22636D5F00371DEC /* WKRequest.swift in Sources */ = {isa = PBXBuildFile; fileRef = 1F34AD7722636D5F00371DEC /* WKRequest.swift */; };
		1F34ADAB22636D5F00371DEC /* MimeType.swift in Sources */ = {isa = PBXBuildFile; fileRef = 1F34AD7822636D5F00371DEC /* MimeType.swift */; };
		1F34ADAC22636D5F00371DEC /* WKService.swift in Sources */ = {isa = PBXBuildFile; fileRef = 1F34AD7922636D5F00371DEC /* WKService.swift */; };
		1F34ADAD22636D5F00371DEC /* Logger.swift in Sources */ = {isa = PBXBuildFile; fileRef = 1F34AD7B22636D5F00371DEC /* Logger.swift */; };
		1F34ADAE22636D5F00371DEC /* ProcessInfoUtils.swift in Sources */ = {isa = PBXBuildFile; fileRef = 1F34AD7C22636D5F00371DEC /* ProcessInfoUtils.swift */; };
		1F34ADAF22636D5F00371DEC /* Collection.swift in Sources */ = {isa = PBXBuildFile; fileRef = 1F34AD7E22636D5F00371DEC /* Collection.swift */; };
		1F34ADB022636D5F00371DEC /* UIColor.swift in Sources */ = {isa = PBXBuildFile; fileRef = 1F34AD7F22636D5F00371DEC /* UIColor.swift */; };
		1F34ADB122636D5F00371DEC /* OptionalProtocol.swift in Sources */ = {isa = PBXBuildFile; fileRef = 1F34AD8022636D5F00371DEC /* OptionalProtocol.swift */; };
		1F34ADB222636D5F00371DEC /* UIWindow.swift in Sources */ = {isa = PBXBuildFile; fileRef = 1F34AD8122636D5F00371DEC /* UIWindow.swift */; };
		1F34ADB322636D5F00371DEC /* WKNavigator.swift in Sources */ = {isa = PBXBuildFile; fileRef = 1F34AD8322636D5F00371DEC /* WKNavigator.swift */; };
		1F34ADB422636D5F00371DEC /* WKViewControllerPresenter.swift in Sources */ = {isa = PBXBuildFile; fileRef = 1F34AD8522636D5F00371DEC /* WKViewControllerPresenter.swift */; };
		1F34ADB522636D5F00371DEC /* WKPresenter.swift in Sources */ = {isa = PBXBuildFile; fileRef = 1F34AD8622636D5F00371DEC /* WKPresenter.swift */; };
		1F34ADB622636D5F00371DEC /* WKViewController.swift in Sources */ = {isa = PBXBuildFile; fileRef = 1F34AD8922636D5F00371DEC /* WKViewController.swift */; };
		1F34ADB722636D5F00371DEC /* WKCollectionViewController.swift in Sources */ = {isa = PBXBuildFile; fileRef = 1F34AD8A22636D5F00371DEC /* WKCollectionViewController.swift */; };
		1F34ADB822636D5F00371DEC /* SharedViewControllerMethods.swift in Sources */ = {isa = PBXBuildFile; fileRef = 1F34AD8B22636D5F00371DEC /* SharedViewControllerMethods.swift */; };
		1F34ADB922636D5F00371DEC /* WKTableViewController.swift in Sources */ = {isa = PBXBuildFile; fileRef = 1F34AD8C22636D5F00371DEC /* WKTableViewController.swift */; };
		1F34ADBA22636D5F00371DEC /* WKBaseViewController.swift in Sources */ = {isa = PBXBuildFile; fileRef = 1F34AD8D22636D5F00371DEC /* WKBaseViewController.swift */; };
		1F34ADBB22636D5F00371DEC /* WKTextField.swift in Sources */ = {isa = PBXBuildFile; fileRef = 1F34AD8F22636D5F00371DEC /* WKTextField.swift */; };
		1F34ADBC22636D5F00371DEC /* WKTextView.swift in Sources */ = {isa = PBXBuildFile; fileRef = 1F34AD9022636D5F00371DEC /* WKTextView.swift */; };
		1F34ADBD22636D5F00371DEC /* WKLabel.swift in Sources */ = {isa = PBXBuildFile; fileRef = 1F34AD9122636D5F00371DEC /* WKLabel.swift */; };
		1F34ADBE22636D5F00371DEC /* WKImageView.swift in Sources */ = {isa = PBXBuildFile; fileRef = 1F34AD9222636D5F00371DEC /* WKImageView.swift */; };
		1F34ADBF22636D5F00371DEC /* WKButton.swift in Sources */ = {isa = PBXBuildFile; fileRef = 1F34AD9322636D5F00371DEC /* WKButton.swift */; };
		1F34ADC022636D5F00371DEC /* WKSpinnerCell.swift in Sources */ = {isa = PBXBuildFile; fileRef = 1F34AD9422636D5F00371DEC /* WKSpinnerCell.swift */; };
		1F34ADC122636D5F00371DEC /* WKTableView.swift in Sources */ = {isa = PBXBuildFile; fileRef = 1F34AD9622636D5F00371DEC /* WKTableView.swift */; };
		1F34ADC222636D5F00371DEC /* WKTableViewDataSource.swift in Sources */ = {isa = PBXBuildFile; fileRef = 1F34AD9722636D5F00371DEC /* WKTableViewDataSource.swift */; };
		1F34ADC322636D5F00371DEC /* WKTableViewCell.swift in Sources */ = {isa = PBXBuildFile; fileRef = 1F34AD9822636D5F00371DEC /* WKTableViewCell.swift */; };
		1F34ADC422636D5F00371DEC /* WKTableViewInfiniteDataSourceDelegate.swift in Sources */ = {isa = PBXBuildFile; fileRef = 1F34AD9922636D5F00371DEC /* WKTableViewInfiniteDataSourceDelegate.swift */; };
		1F34ADC522636D5F00371DEC /* WKView.swift in Sources */ = {isa = PBXBuildFile; fileRef = 1F34AD9A22636D5F00371DEC /* WKView.swift */; };
		1F34ADC622636D5F00371DEC /* WKCollectionView.swift in Sources */ = {isa = PBXBuildFile; fileRef = 1F34AD9C22636D5F00371DEC /* WKCollectionView.swift */; };
		1F34ADC722636D5F00371DEC /* WKCollectionViewDataSource.swift in Sources */ = {isa = PBXBuildFile; fileRef = 1F34AD9D22636D5F00371DEC /* WKCollectionViewDataSource.swift */; };
		1F34ADC822636D5F00371DEC /* WKCollectionViewInfiniteDataSourceDelegate.swift in Sources */ = {isa = PBXBuildFile; fileRef = 1F34AD9E22636D5F00371DEC /* WKCollectionViewInfiniteDataSourceDelegate.swift */; };
		1F34ADC922636D5F00371DEC /* WKCollectionViewCell.swift in Sources */ = {isa = PBXBuildFile; fileRef = 1F34AD9F22636D5F00371DEC /* WKCollectionViewCell.swift */; };
		1F34ADCA22636D5F00371DEC /* WKNetworkReachabilityHelper.swift in Sources */ = {isa = PBXBuildFile; fileRef = 1F34ADA222636D5F00371DEC /* WKNetworkReachabilityHelper.swift */; };
		1F34ADCD22636E4700371DEC /* WKVoidBody.swift in Sources */ = {isa = PBXBuildFile; fileRef = 1F34ADCC22636E4700371DEC /* WKVoidBody.swift */; };
		1F34ADCF22636E6D00371DEC /* WKFullResult.swift in Sources */ = {isa = PBXBuildFile; fileRef = 1F34ADCE22636E6D00371DEC /* WKFullResult.swift */; };
		1F34ADD122636EAE00371DEC /* WKSimpleResult.swift in Sources */ = {isa = PBXBuildFile; fileRef = 1F34ADD022636EAE00371DEC /* WKSimpleResult.swift */; };
		1F34ADD422636F0C00371DEC /* WKCode.swift in Sources */ = {isa = PBXBuildFile; fileRef = 1F34ADD322636F0C00371DEC /* WKCode.swift */; };
		1F34ADD622636F6100371DEC /* WKMiscCode.swift in Sources */ = {isa = PBXBuildFile; fileRef = 1F34ADD522636F6100371DEC /* WKMiscCode.swift */; };
		1F34ADD92263718A00371DEC /* WKApiSimpleError.swift in Sources */ = {isa = PBXBuildFile; fileRef = 1F34ADD82263718A00371DEC /* WKApiSimpleError.swift */; };
		1F34ADDB226371B300371DEC /* WKApiError.swift in Sources */ = {isa = PBXBuildFile; fileRef = 1F34ADDA226371B300371DEC /* WKApiError.swift */; };
		1F8FB7F02194A6C100C8F556 /* IBDesignableTests.swift in Sources */ = {isa = PBXBuildFile; fileRef = 1F8FB7EF2194A6C100C8F556 /* IBDesignableTests.swift */; };
		1F8FB7FF2195D1B100C8F556 /* TestViewController.swift in Sources */ = {isa = PBXBuildFile; fileRef = 1F8FB7FD2195D1B100C8F556 /* TestViewController.swift */; };
		1F8FB8002195D1B100C8F556 /* TestPresenter.swift in Sources */ = {isa = PBXBuildFile; fileRef = 1F8FB7FE2195D1B100C8F556 /* TestPresenter.swift */; };
		1F8FB8022195D20800C8F556 /* ViewControllerAndPresenterTests.swift in Sources */ = {isa = PBXBuildFile; fileRef = 1F8FB8012195D20800C8F556 /* ViewControllerAndPresenterTests.swift */; };
		1F9B18C221B6C411009BC109 /* NetworkingTests.swift in Sources */ = {isa = PBXBuildFile; fileRef = 1F9B18C121B6C411009BC109 /* NetworkingTests.swift */; };
		1F9B18C621B6C5E8009BC109 /* TestModels.swift in Sources */ = {isa = PBXBuildFile; fileRef = 1F9B18C521B6C5E8009BC109 /* TestModels.swift */; };
		1FB7F321226A68450006DA76 /* TestPresenterWithInit.swift in Sources */ = {isa = PBXBuildFile; fileRef = 1FB7F320226A68450006DA76 /* TestPresenterWithInit.swift */; };
		1FB7F323226A72EF0006DA76 /* TestViewControllerWithInit.swift in Sources */ = {isa = PBXBuildFile; fileRef = 1FB7F322226A72EF0006DA76 /* TestViewControllerWithInit.swift */; };
		1FB7F328226A75AD0006DA76 /* Globals.swift in Sources */ = {isa = PBXBuildFile; fileRef = 1FB7F327226A75AD0006DA76 /* Globals.swift */; };
		1FE91E761EBB50790056D27D /* WinkKit.h in Headers */ = {isa = PBXBuildFile; fileRef = 1FE91E741EBB50790056D27D /* WinkKit.h */; settings = {ATTRIBUTES = (Public, ); }; };
		F4736E0C757E718BBECDEC45 /* Pods_Tests.framework in Frameworks */ = {isa = PBXBuildFile; fileRef = 1F05869E2199016500C862E6 /* Pods_Tests.framework */; };
		FFFFF82EFAB0274D5673E38B /* Pods_WinkKit.framework in Frameworks */ = {isa = PBXBuildFile; fileRef = BFEF2ED53E98E905916B620B /* Pods_WinkKit.framework */; };
/* End PBXBuildFile section */

/* Begin PBXContainerItemProxy section */
		1F8FB7F32194A6C100C8F556 /* PBXContainerItemProxy */ = {
			isa = PBXContainerItemProxy;
			containerPortal = 1FE91E681EBB50790056D27D /* Project object */;
			proxyType = 1;
			remoteGlobalIDString = 1FE91E701EBB50790056D27D;
			remoteInfo = WinkKit;
		};
/* End PBXContainerItemProxy section */

/* Begin PBXCopyFilesBuildPhase section */
		1F0586A0219902EC00C862E6 /* CopyFiles */ = {
			isa = PBXCopyFilesBuildPhase;
			buildActionMask = 12;
			dstPath = "";
			dstSubfolderSpec = 10;
			files = (
				1F0586A2219903D700C862E6 /* Pods_WinkKit.framework in CopyFiles */,
			);
			runOnlyForDeploymentPostprocessing = 0;
		};
/* End PBXCopyFilesBuildPhase section */

/* Begin PBXFileReference section */
		1F05869E2199016500C862E6 /* Pods_Tests.framework */ = {isa = PBXFileReference; explicitFileType = wrapper.framework; path = Pods_Tests.framework; sourceTree = BUILT_PRODUCTS_DIR; };
		1F34AD6F22636D5F00371DEC /* CGColor.swift */ = {isa = PBXFileReference; fileEncoding = 4; lastKnownFileType = sourcecode.swift; path = CGColor.swift; sourceTree = "<group>"; };
		1F34AD7322636D5F00371DEC /* WKResult.swift */ = {isa = PBXFileReference; fileEncoding = 4; lastKnownFileType = sourcecode.swift; path = WKResult.swift; sourceTree = "<group>"; };
		1F34AD7422636D5F00371DEC /* WKApiBodyError.swift */ = {isa = PBXFileReference; fileEncoding = 4; lastKnownFileType = sourcecode.swift; path = WKApiBodyError.swift; sourceTree = "<group>"; };
		1F34AD7522636D5F00371DEC /* WinkKit+Alamofire DataRequest.swift */ = {isa = PBXFileReference; fileEncoding = 4; lastKnownFileType = sourcecode.swift; path = "WinkKit+Alamofire DataRequest.swift"; sourceTree = "<group>"; };
		1F34AD7622636D5F00371DEC /* WKStatusCode.swift */ = {isa = PBXFileReference; fileEncoding = 4; lastKnownFileType = sourcecode.swift; path = WKStatusCode.swift; sourceTree = "<group>"; };
		1F34AD7722636D5F00371DEC /* WKRequest.swift */ = {isa = PBXFileReference; fileEncoding = 4; lastKnownFileType = sourcecode.swift; path = WKRequest.swift; sourceTree = "<group>"; };
		1F34AD7822636D5F00371DEC /* MimeType.swift */ = {isa = PBXFileReference; fileEncoding = 4; lastKnownFileType = sourcecode.swift; path = MimeType.swift; sourceTree = "<group>"; };
		1F34AD7922636D5F00371DEC /* WKService.swift */ = {isa = PBXFileReference; fileEncoding = 4; lastKnownFileType = sourcecode.swift; path = WKService.swift; sourceTree = "<group>"; };
		1F34AD7B22636D5F00371DEC /* Logger.swift */ = {isa = PBXFileReference; fileEncoding = 4; lastKnownFileType = sourcecode.swift; path = Logger.swift; sourceTree = "<group>"; };
		1F34AD7C22636D5F00371DEC /* ProcessInfoUtils.swift */ = {isa = PBXFileReference; fileEncoding = 4; lastKnownFileType = sourcecode.swift; path = ProcessInfoUtils.swift; sourceTree = "<group>"; };
		1F34AD7E22636D5F00371DEC /* Collection.swift */ = {isa = PBXFileReference; fileEncoding = 4; lastKnownFileType = sourcecode.swift; path = Collection.swift; sourceTree = "<group>"; };
		1F34AD7F22636D5F00371DEC /* UIColor.swift */ = {isa = PBXFileReference; fileEncoding = 4; lastKnownFileType = sourcecode.swift; path = UIColor.swift; sourceTree = "<group>"; };
		1F34AD8022636D5F00371DEC /* OptionalProtocol.swift */ = {isa = PBXFileReference; fileEncoding = 4; lastKnownFileType = sourcecode.swift; path = OptionalProtocol.swift; sourceTree = "<group>"; };
		1F34AD8122636D5F00371DEC /* UIWindow.swift */ = {isa = PBXFileReference; fileEncoding = 4; lastKnownFileType = sourcecode.swift; path = UIWindow.swift; sourceTree = "<group>"; };
		1F34AD8322636D5F00371DEC /* WKNavigator.swift */ = {isa = PBXFileReference; fileEncoding = 4; lastKnownFileType = sourcecode.swift; path = WKNavigator.swift; sourceTree = "<group>"; };
		1F34AD8522636D5F00371DEC /* WKViewControllerPresenter.swift */ = {isa = PBXFileReference; fileEncoding = 4; lastKnownFileType = sourcecode.swift; path = WKViewControllerPresenter.swift; sourceTree = "<group>"; };
		1F34AD8622636D5F00371DEC /* WKPresenter.swift */ = {isa = PBXFileReference; fileEncoding = 4; lastKnownFileType = sourcecode.swift; path = WKPresenter.swift; sourceTree = "<group>"; };
		1F34AD8922636D5F00371DEC /* WKViewController.swift */ = {isa = PBXFileReference; fileEncoding = 4; lastKnownFileType = sourcecode.swift; path = WKViewController.swift; sourceTree = "<group>"; };
		1F34AD8A22636D5F00371DEC /* WKCollectionViewController.swift */ = {isa = PBXFileReference; fileEncoding = 4; lastKnownFileType = sourcecode.swift; path = WKCollectionViewController.swift; sourceTree = "<group>"; };
		1F34AD8B22636D5F00371DEC /* SharedViewControllerMethods.swift */ = {isa = PBXFileReference; fileEncoding = 4; lastKnownFileType = sourcecode.swift; path = SharedViewControllerMethods.swift; sourceTree = "<group>"; };
		1F34AD8C22636D5F00371DEC /* WKTableViewController.swift */ = {isa = PBXFileReference; fileEncoding = 4; lastKnownFileType = sourcecode.swift; path = WKTableViewController.swift; sourceTree = "<group>"; };
		1F34AD8D22636D5F00371DEC /* WKBaseViewController.swift */ = {isa = PBXFileReference; fileEncoding = 4; lastKnownFileType = sourcecode.swift; path = WKBaseViewController.swift; sourceTree = "<group>"; };
		1F34AD8F22636D5F00371DEC /* WKTextField.swift */ = {isa = PBXFileReference; fileEncoding = 4; lastKnownFileType = sourcecode.swift; path = WKTextField.swift; sourceTree = "<group>"; };
		1F34AD9022636D5F00371DEC /* WKTextView.swift */ = {isa = PBXFileReference; fileEncoding = 4; lastKnownFileType = sourcecode.swift; path = WKTextView.swift; sourceTree = "<group>"; };
		1F34AD9122636D5F00371DEC /* WKLabel.swift */ = {isa = PBXFileReference; fileEncoding = 4; lastKnownFileType = sourcecode.swift; path = WKLabel.swift; sourceTree = "<group>"; };
		1F34AD9222636D5F00371DEC /* WKImageView.swift */ = {isa = PBXFileReference; fileEncoding = 4; lastKnownFileType = sourcecode.swift; path = WKImageView.swift; sourceTree = "<group>"; };
		1F34AD9322636D5F00371DEC /* WKButton.swift */ = {isa = PBXFileReference; fileEncoding = 4; lastKnownFileType = sourcecode.swift; path = WKButton.swift; sourceTree = "<group>"; };
		1F34AD9422636D5F00371DEC /* WKSpinnerCell.swift */ = {isa = PBXFileReference; fileEncoding = 4; lastKnownFileType = sourcecode.swift; path = WKSpinnerCell.swift; sourceTree = "<group>"; };
		1F34AD9622636D5F00371DEC /* WKTableView.swift */ = {isa = PBXFileReference; fileEncoding = 4; lastKnownFileType = sourcecode.swift; path = WKTableView.swift; sourceTree = "<group>"; };
		1F34AD9722636D5F00371DEC /* WKTableViewDataSource.swift */ = {isa = PBXFileReference; fileEncoding = 4; lastKnownFileType = sourcecode.swift; path = WKTableViewDataSource.swift; sourceTree = "<group>"; };
		1F34AD9822636D5F00371DEC /* WKTableViewCell.swift */ = {isa = PBXFileReference; fileEncoding = 4; lastKnownFileType = sourcecode.swift; path = WKTableViewCell.swift; sourceTree = "<group>"; };
		1F34AD9922636D5F00371DEC /* WKTableViewInfiniteDataSourceDelegate.swift */ = {isa = PBXFileReference; fileEncoding = 4; lastKnownFileType = sourcecode.swift; path = WKTableViewInfiniteDataSourceDelegate.swift; sourceTree = "<group>"; };
		1F34AD9A22636D5F00371DEC /* WKView.swift */ = {isa = PBXFileReference; fileEncoding = 4; lastKnownFileType = sourcecode.swift; path = WKView.swift; sourceTree = "<group>"; };
		1F34AD9C22636D5F00371DEC /* WKCollectionView.swift */ = {isa = PBXFileReference; fileEncoding = 4; lastKnownFileType = sourcecode.swift; path = WKCollectionView.swift; sourceTree = "<group>"; };
		1F34AD9D22636D5F00371DEC /* WKCollectionViewDataSource.swift */ = {isa = PBXFileReference; fileEncoding = 4; lastKnownFileType = sourcecode.swift; path = WKCollectionViewDataSource.swift; sourceTree = "<group>"; };
		1F34AD9E22636D5F00371DEC /* WKCollectionViewInfiniteDataSourceDelegate.swift */ = {isa = PBXFileReference; fileEncoding = 4; lastKnownFileType = sourcecode.swift; path = WKCollectionViewInfiniteDataSourceDelegate.swift; sourceTree = "<group>"; };
		1F34AD9F22636D5F00371DEC /* WKCollectionViewCell.swift */ = {isa = PBXFileReference; fileEncoding = 4; lastKnownFileType = sourcecode.swift; path = WKCollectionViewCell.swift; sourceTree = "<group>"; };
		1F34ADA222636D5F00371DEC /* WKNetworkReachabilityHelper.swift */ = {isa = PBXFileReference; fileEncoding = 4; lastKnownFileType = sourcecode.swift; path = WKNetworkReachabilityHelper.swift; sourceTree = "<group>"; };
		1F34ADCC22636E4700371DEC /* WKVoidBody.swift */ = {isa = PBXFileReference; lastKnownFileType = sourcecode.swift; path = WKVoidBody.swift; sourceTree = "<group>"; };
		1F34ADCE22636E6D00371DEC /* WKFullResult.swift */ = {isa = PBXFileReference; lastKnownFileType = sourcecode.swift; path = WKFullResult.swift; sourceTree = "<group>"; };
		1F34ADD022636EAE00371DEC /* WKSimpleResult.swift */ = {isa = PBXFileReference; lastKnownFileType = sourcecode.swift; path = WKSimpleResult.swift; sourceTree = "<group>"; };
		1F34ADD322636F0C00371DEC /* WKCode.swift */ = {isa = PBXFileReference; lastKnownFileType = sourcecode.swift; path = WKCode.swift; sourceTree = "<group>"; };
		1F34ADD522636F6100371DEC /* WKMiscCode.swift */ = {isa = PBXFileReference; lastKnownFileType = sourcecode.swift; path = WKMiscCode.swift; sourceTree = "<group>"; };
		1F34ADD82263718A00371DEC /* WKApiSimpleError.swift */ = {isa = PBXFileReference; lastKnownFileType = sourcecode.swift; path = WKApiSimpleError.swift; sourceTree = "<group>"; };
		1F34ADDA226371B300371DEC /* WKApiError.swift */ = {isa = PBXFileReference; lastKnownFileType = sourcecode.swift; path = WKApiError.swift; sourceTree = "<group>"; };
		1F8FB7ED2194A6C100C8F556 /* Tests.xctest */ = {isa = PBXFileReference; explicitFileType = wrapper.cfbundle; includeInIndex = 0; path = Tests.xctest; sourceTree = BUILT_PRODUCTS_DIR; };
		1F8FB7EF2194A6C100C8F556 /* IBDesignableTests.swift */ = {isa = PBXFileReference; lastKnownFileType = sourcecode.swift; path = IBDesignableTests.swift; sourceTree = "<group>"; };
		1F8FB7F12194A6C100C8F556 /* Info.plist */ = {isa = PBXFileReference; lastKnownFileType = text.plist.xml; path = Info.plist; sourceTree = "<group>"; };
		1F8FB7FA2195C73100C8F556 /* Test.storyboard */ = {isa = PBXFileReference; lastKnownFileType = file.storyboard; path = Test.storyboard; sourceTree = "<group>"; };
		1F8FB7FD2195D1B100C8F556 /* TestViewController.swift */ = {isa = PBXFileReference; lastKnownFileType = sourcecode.swift; path = TestViewController.swift; sourceTree = "<group>"; };
		1F8FB7FE2195D1B100C8F556 /* TestPresenter.swift */ = {isa = PBXFileReference; lastKnownFileType = sourcecode.swift; path = TestPresenter.swift; sourceTree = "<group>"; };
		1F8FB8012195D20800C8F556 /* ViewControllerAndPresenterTests.swift */ = {isa = PBXFileReference; lastKnownFileType = sourcecode.swift; path = ViewControllerAndPresenterTests.swift; sourceTree = "<group>"; };
		1F9B18C121B6C411009BC109 /* NetworkingTests.swift */ = {isa = PBXFileReference; lastKnownFileType = sourcecode.swift; path = NetworkingTests.swift; sourceTree = "<group>"; };
		1F9B18C521B6C5E8009BC109 /* TestModels.swift */ = {isa = PBXFileReference; lastKnownFileType = sourcecode.swift; path = TestModels.swift; sourceTree = "<group>"; };
		1FB7F320226A68450006DA76 /* TestPresenterWithInit.swift */ = {isa = PBXFileReference; lastKnownFileType = sourcecode.swift; path = TestPresenterWithInit.swift; sourceTree = "<group>"; };
		1FB7F322226A72EF0006DA76 /* TestViewControllerWithInit.swift */ = {isa = PBXFileReference; lastKnownFileType = sourcecode.swift; path = TestViewControllerWithInit.swift; sourceTree = "<group>"; };
		1FB7F327226A75AD0006DA76 /* Globals.swift */ = {isa = PBXFileReference; lastKnownFileType = sourcecode.swift; path = Globals.swift; sourceTree = "<group>"; };
		1FE91E711EBB50790056D27D /* WinkKit.framework */ = {isa = PBXFileReference; explicitFileType = wrapper.framework; includeInIndex = 0; path = WinkKit.framework; sourceTree = BUILT_PRODUCTS_DIR; };
		1FE91E741EBB50790056D27D /* WinkKit.h */ = {isa = PBXFileReference; lastKnownFileType = sourcecode.c.h; path = WinkKit.h; sourceTree = "<group>"; };
		1FE91E751EBB50790056D27D /* Info.plist */ = {isa = PBXFileReference; lastKnownFileType = text.plist.xml; path = Info.plist; sourceTree = "<group>"; };
		285246A7C12C21590E6C6E75 /* Pods-WinkKit.release.xcconfig */ = {isa = PBXFileReference; includeInIndex = 1; lastKnownFileType = text.xcconfig; name = "Pods-WinkKit.release.xcconfig"; path = "Pods/Target Support Files/Pods-WinkKit/Pods-WinkKit.release.xcconfig"; sourceTree = "<group>"; };
		4E7C28F52F68CB8A26811266 /* Pods-WinkKit.debug.xcconfig */ = {isa = PBXFileReference; includeInIndex = 1; lastKnownFileType = text.xcconfig; name = "Pods-WinkKit.debug.xcconfig"; path = "Pods/Target Support Files/Pods-WinkKit/Pods-WinkKit.debug.xcconfig"; sourceTree = "<group>"; };
		7A78A43582D825089ED440A6 /* Pods-Tests.release.xcconfig */ = {isa = PBXFileReference; includeInIndex = 1; lastKnownFileType = text.xcconfig; name = "Pods-Tests.release.xcconfig"; path = "Pods/Target Support Files/Pods-Tests/Pods-Tests.release.xcconfig"; sourceTree = "<group>"; };
		BFEF2ED53E98E905916B620B /* Pods_WinkKit.framework */ = {isa = PBXFileReference; explicitFileType = wrapper.framework; includeInIndex = 0; path = Pods_WinkKit.framework; sourceTree = BUILT_PRODUCTS_DIR; };
		CF42279FE85FCB69D6721D8C /* Pods-Tests.debug.xcconfig */ = {isa = PBXFileReference; includeInIndex = 1; lastKnownFileType = text.xcconfig; name = "Pods-Tests.debug.xcconfig"; path = "Pods/Target Support Files/Pods-Tests/Pods-Tests.debug.xcconfig"; sourceTree = "<group>"; };
/* End PBXFileReference section */

/* Begin PBXFrameworksBuildPhase section */
		1F8FB7EA2194A6C100C8F556 /* Frameworks */ = {
			isa = PBXFrameworksBuildPhase;
			buildActionMask = 2147483647;
			files = (
				1F05869D2199006D00C862E6 /* WinkKit.framework in Frameworks */,
				F4736E0C757E718BBECDEC45 /* Pods_Tests.framework in Frameworks */,
			);
			runOnlyForDeploymentPostprocessing = 0;
		};
		1FE91E6D1EBB50790056D27D /* Frameworks */ = {
			isa = PBXFrameworksBuildPhase;
			buildActionMask = 2147483647;
			files = (
				FFFFF82EFAB0274D5673E38B /* Pods_WinkKit.framework in Frameworks */,
			);
			runOnlyForDeploymentPostprocessing = 0;
		};
/* End PBXFrameworksBuildPhase section */

/* Begin PBXGroup section */
		1F34AD6D22636D5F00371DEC /* Internal */ = {
			isa = PBXGroup;
			children = (
				1F34AD6E22636D5F00371DEC /* Extensions */,
			);
			path = Internal;
			sourceTree = "<group>";
		};
		1F34AD6E22636D5F00371DEC /* Extensions */ = {
			isa = PBXGroup;
			children = (
				1F34AD6F22636D5F00371DEC /* CGColor.swift */,
			);
			path = Extensions;
			sourceTree = "<group>";
		};
		1F34AD7022636D5F00371DEC /* Public */ = {
			isa = PBXGroup;
			children = (
				1F34AD8222636D5F00371DEC /* Presentation */,
				1F34AD7122636D5F00371DEC /* Networking */,
				1F34ADA022636D5F00371DEC /* Helpers */,
				1F34AD7D22636D5F00371DEC /* Extensions */,
				1F34AD7A22636D5F00371DEC /* Utils */,
				1FB7F327226A75AD0006DA76 /* Globals.swift */,
			);
			path = Public;
			sourceTree = "<group>";
		};
		1F34AD7122636D5F00371DEC /* Networking */ = {
			isa = PBXGroup;
			children = (
				1F34AD7222636D5F00371DEC /* Serializer */,
				1F34AD7722636D5F00371DEC /* WKRequest.swift */,
				1F34AD7822636D5F00371DEC /* MimeType.swift */,
				1F34AD7922636D5F00371DEC /* WKService.swift */,
			);
			path = Networking;
			sourceTree = "<group>";
		};
		1F34AD7222636D5F00371DEC /* Serializer */ = {
			isa = PBXGroup;
			children = (
				1F34ADD222636EEB00371DEC /* StatusCode */,
				1F34ADCB22636E3500371DEC /* Result */,
				1F34ADD72263715F00371DEC /* ApiError */,
				1F34AD7522636D5F00371DEC /* WinkKit+Alamofire DataRequest.swift */,
			);
			path = Serializer;
			sourceTree = "<group>";
		};
		1F34AD7A22636D5F00371DEC /* Utils */ = {
			isa = PBXGroup;
			children = (
				1F34AD7B22636D5F00371DEC /* Logger.swift */,
				1F34AD7C22636D5F00371DEC /* ProcessInfoUtils.swift */,
			);
			path = Utils;
			sourceTree = "<group>";
		};
		1F34AD7D22636D5F00371DEC /* Extensions */ = {
			isa = PBXGroup;
			children = (
				1F34AD7E22636D5F00371DEC /* Collection.swift */,
				1F34AD7F22636D5F00371DEC /* UIColor.swift */,
				1F34AD8022636D5F00371DEC /* OptionalProtocol.swift */,
				1F34AD8122636D5F00371DEC /* UIWindow.swift */,
			);
			path = Extensions;
			sourceTree = "<group>";
		};
		1F34AD8222636D5F00371DEC /* Presentation */ = {
			isa = PBXGroup;
			children = (
				1F34AD8322636D5F00371DEC /* WKNavigator.swift */,
				1F34AD8422636D5F00371DEC /* Presenter */,
				1F34AD8822636D5F00371DEC /* ViewControllers */,
				1F34AD8E22636D5F00371DEC /* Views */,
			);
			path = Presentation;
			sourceTree = "<group>";
		};
		1F34AD8422636D5F00371DEC /* Presenter */ = {
			isa = PBXGroup;
			children = (
				1F34AD8522636D5F00371DEC /* WKViewControllerPresenter.swift */,
				1F34AD8622636D5F00371DEC /* WKPresenter.swift */,
				1F34AD8722636D5F00371DEC /* WKNetworkObservableViewControllerPresenter */,
			);
			path = Presenter;
			sourceTree = "<group>";
		};
		1F34AD8722636D5F00371DEC /* WKNetworkObservableViewControllerPresenter */ = {
			isa = PBXGroup;
			children = (
			);
			path = WKNetworkObservableViewControllerPresenter;
			sourceTree = "<group>";
		};
		1F34AD8822636D5F00371DEC /* ViewControllers */ = {
			isa = PBXGroup;
			children = (
				1F34AD8922636D5F00371DEC /* WKViewController.swift */,
				1F34AD8A22636D5F00371DEC /* WKCollectionViewController.swift */,
				1F34AD8C22636D5F00371DEC /* WKTableViewController.swift */,
				1F34AD8D22636D5F00371DEC /* WKBaseViewController.swift */,
				1F34AD8B22636D5F00371DEC /* SharedViewControllerMethods.swift */,
			);
			path = ViewControllers;
			sourceTree = "<group>";
		};
		1F34AD8E22636D5F00371DEC /* Views */ = {
			isa = PBXGroup;
			children = (
				1F34AD8F22636D5F00371DEC /* WKTextField.swift */,
				1F34AD9022636D5F00371DEC /* WKTextView.swift */,
				1F34AD9122636D5F00371DEC /* WKLabel.swift */,
				1F34AD9222636D5F00371DEC /* WKImageView.swift */,
				1F34AD9322636D5F00371DEC /* WKButton.swift */,
				1F34AD9422636D5F00371DEC /* WKSpinnerCell.swift */,
				1F34AD9522636D5F00371DEC /* WKTableView */,
				1F34AD9A22636D5F00371DEC /* WKView.swift */,
				1F34AD9B22636D5F00371DEC /* WKCollectionView */,
			);
			path = Views;
			sourceTree = "<group>";
		};
		1F34AD9522636D5F00371DEC /* WKTableView */ = {
			isa = PBXGroup;
			children = (
				1F34AD9622636D5F00371DEC /* WKTableView.swift */,
				1F34AD9722636D5F00371DEC /* WKTableViewDataSource.swift */,
				1F34AD9822636D5F00371DEC /* WKTableViewCell.swift */,
				1F34AD9922636D5F00371DEC /* WKTableViewInfiniteDataSourceDelegate.swift */,
			);
			path = WKTableView;
			sourceTree = "<group>";
		};
		1F34AD9B22636D5F00371DEC /* WKCollectionView */ = {
			isa = PBXGroup;
			children = (
				1F34AD9C22636D5F00371DEC /* WKCollectionView.swift */,
				1F34AD9D22636D5F00371DEC /* WKCollectionViewDataSource.swift */,
				1F34AD9E22636D5F00371DEC /* WKCollectionViewInfiniteDataSourceDelegate.swift */,
				1F34AD9F22636D5F00371DEC /* WKCollectionViewCell.swift */,
			);
			path = WKCollectionView;
			sourceTree = "<group>";
		};
		1F34ADA022636D5F00371DEC /* Helpers */ = {
			isa = PBXGroup;
			children = (
				1F34ADA122636D5F00371DEC /* WKNetworkReachabilityHelper */,
			);
			path = Helpers;
			sourceTree = "<group>";
		};
		1F34ADA122636D5F00371DEC /* WKNetworkReachabilityHelper */ = {
			isa = PBXGroup;
			children = (
				1F34ADA222636D5F00371DEC /* WKNetworkReachabilityHelper.swift */,
			);
			path = WKNetworkReachabilityHelper;
			sourceTree = "<group>";
		};
		1F34ADCB22636E3500371DEC /* Result */ = {
			isa = PBXGroup;
			children = (
				1F34AD7322636D5F00371DEC /* WKResult.swift */,
				1F34ADCE22636E6D00371DEC /* WKFullResult.swift */,
				1F34ADD022636EAE00371DEC /* WKSimpleResult.swift */,
				1F34ADCC22636E4700371DEC /* WKVoidBody.swift */,
			);
			path = Result;
			sourceTree = "<group>";
		};
		1F34ADD222636EEB00371DEC /* StatusCode */ = {
			isa = PBXGroup;
			children = (
				1F34ADD322636F0C00371DEC /* WKCode.swift */,
				1F34AD7622636D5F00371DEC /* WKStatusCode.swift */,
				1F34ADD522636F6100371DEC /* WKMiscCode.swift */,
			);
			path = StatusCode;
			sourceTree = "<group>";
		};
		1F34ADD72263715F00371DEC /* ApiError */ = {
			isa = PBXGroup;
			children = (
				1F34ADDA226371B300371DEC /* WKApiError.swift */,
				1F34ADD82263718A00371DEC /* WKApiSimpleError.swift */,
				1F34AD7422636D5F00371DEC /* WKApiBodyError.swift */,
			);
			path = ApiError;
			sourceTree = "<group>";
		};
		1F8FB7EE2194A6C100C8F556 /* Tests */ = {
			isa = PBXGroup;
			children = (
				1F9B18C021B6C3F9009BC109 /* Networking */,
				1FB7F326226A73380006DA76 /* IB Designables */,
				1F8FB7FC2195D18500C8F556 /* View Controllers */,
				1F8FB7F12194A6C100C8F556 /* Info.plist */,
			);
			path = Tests;
			sourceTree = "<group>";
		};
		1F8FB7FC2195D18500C8F556 /* View Controllers */ = {
			isa = PBXGroup;
			children = (
				1FB7F324226A73080006DA76 /* Test View Controller */,
				1FB7F325226A73150006DA76 /* Test View Controller with Init */,
				1F8FB8012195D20800C8F556 /* ViewControllerAndPresenterTests.swift */,
				1F8FB7FA2195C73100C8F556 /* Test.storyboard */,
			);
			path = "View Controllers";
			sourceTree = "<group>";
		};
		1F9B18C021B6C3F9009BC109 /* Networking */ = {
			isa = PBXGroup;
			children = (
				1F9B18C121B6C411009BC109 /* NetworkingTests.swift */,
				1F9B18C521B6C5E8009BC109 /* TestModels.swift */,
			);
			path = Networking;
			sourceTree = "<group>";
		};
		1FB7F324226A73080006DA76 /* Test View Controller */ = {
			isa = PBXGroup;
			children = (
				1F8FB7FD2195D1B100C8F556 /* TestViewController.swift */,
				1F8FB7FE2195D1B100C8F556 /* TestPresenter.swift */,
			);
			path = "Test View Controller";
			sourceTree = "<group>";
		};
		1FB7F325226A73150006DA76 /* Test View Controller with Init */ = {
			isa = PBXGroup;
			children = (
				1FB7F322226A72EF0006DA76 /* TestViewControllerWithInit.swift */,
				1FB7F320226A68450006DA76 /* TestPresenterWithInit.swift */,
			);
			path = "Test View Controller with Init";
			sourceTree = "<group>";
		};
		1FB7F326226A73380006DA76 /* IB Designables */ = {
			isa = PBXGroup;
			children = (
				1F8FB7EF2194A6C100C8F556 /* IBDesignableTests.swift */,
			);
			path = "IB Designables";
			sourceTree = "<group>";
		};
		1FE91E671EBB50790056D27D = {
			isa = PBXGroup;
			children = (
				1FE91E731EBB50790056D27D /* WinkKit */,
				1F8FB7EE2194A6C100C8F556 /* Tests */,
				1FE91E721EBB50790056D27D /* Products */,
				FE1594FA3D50345DC1CEAA8A /* Pods */,
				577260F3456FB589276AA56F /* Frameworks */,
			);
			sourceTree = "<group>";
		};
		1FE91E721EBB50790056D27D /* Products */ = {
			isa = PBXGroup;
			children = (
				1FE91E711EBB50790056D27D /* WinkKit.framework */,
				1F8FB7ED2194A6C100C8F556 /* Tests.xctest */,
			);
			name = Products;
			sourceTree = "<group>";
		};
		1FE91E731EBB50790056D27D /* WinkKit */ = {
			isa = PBXGroup;
			children = (
				1F34AD6D22636D5F00371DEC /* Internal */,
				1F34AD7022636D5F00371DEC /* Public */,
				1FE91E741EBB50790056D27D /* WinkKit.h */,
				1FE91E751EBB50790056D27D /* Info.plist */,
			);
			path = WinkKit;
			sourceTree = "<group>";
		};
		577260F3456FB589276AA56F /* Frameworks */ = {
			isa = PBXGroup;
			children = (
				1F05869E2199016500C862E6 /* Pods_Tests.framework */,
				BFEF2ED53E98E905916B620B /* Pods_WinkKit.framework */,
			);
			name = Frameworks;
			sourceTree = "<group>";
		};
		FE1594FA3D50345DC1CEAA8A /* Pods */ = {
			isa = PBXGroup;
			children = (
				CF42279FE85FCB69D6721D8C /* Pods-Tests.debug.xcconfig */,
				7A78A43582D825089ED440A6 /* Pods-Tests.release.xcconfig */,
				4E7C28F52F68CB8A26811266 /* Pods-WinkKit.debug.xcconfig */,
				285246A7C12C21590E6C6E75 /* Pods-WinkKit.release.xcconfig */,
			);
			name = Pods;
			sourceTree = "<group>";
		};
/* End PBXGroup section */

/* Begin PBXHeadersBuildPhase section */
		1FE91E6E1EBB50790056D27D /* Headers */ = {
			isa = PBXHeadersBuildPhase;
			buildActionMask = 2147483647;
			files = (
				1FE91E761EBB50790056D27D /* WinkKit.h in Headers */,
			);
			runOnlyForDeploymentPostprocessing = 0;
		};
/* End PBXHeadersBuildPhase section */

/* Begin PBXNativeTarget section */
		1F8FB7EC2194A6C100C8F556 /* Tests */ = {
			isa = PBXNativeTarget;
			buildConfigurationList = 1F8FB7F72194A6CA00C8F556 /* Build configuration list for PBXNativeTarget "Tests" */;
			buildPhases = (
				BD5ABF17C7B6A9C602D9DF11 /* [CP] Check Pods Manifest.lock */,
				1F8FB7E92194A6C100C8F556 /* Sources */,
				1F8FB7EA2194A6C100C8F556 /* Frameworks */,
				1F8FB7EB2194A6C100C8F556 /* Resources */,
				1F0586A0219902EC00C862E6 /* CopyFiles */,
			);
			buildRules = (
			);
			dependencies = (
				1F8FB7F42194A6C100C8F556 /* PBXTargetDependency */,
			);
			name = Tests;
			productName = Tests;
			productReference = 1F8FB7ED2194A6C100C8F556 /* Tests.xctest */;
			productType = "com.apple.product-type.bundle.unit-test";
		};
		1FE91E701EBB50790056D27D /* WinkKit */ = {
			isa = PBXNativeTarget;
			buildConfigurationList = 1FE91E791EBB50790056D27D /* Build configuration list for PBXNativeTarget "WinkKit" */;
			buildPhases = (
				6FF27D7451CEF8F9A3E68E0B /* [CP] Check Pods Manifest.lock */,
				1FE91E6C1EBB50790056D27D /* Sources */,
				1FE91E6D1EBB50790056D27D /* Frameworks */,
				1FE91E6E1EBB50790056D27D /* Headers */,
				1FE91E6F1EBB50790056D27D /* Resources */,
			);
			buildRules = (
			);
			dependencies = (
			);
			name = WinkKit;
			productName = WinkKit;
			productReference = 1FE91E711EBB50790056D27D /* WinkKit.framework */;
			productType = "com.apple.product-type.framework";
		};
/* End PBXNativeTarget section */

/* Begin PBXProject section */
		1FE91E681EBB50790056D27D /* Project object */ = {
			isa = PBXProject;
			attributes = {
				LastSwiftUpdateCheck = 1000;
				LastUpgradeCheck = 0830;
				ORGANIZATIONNAME = "Wink srl";
				TargetAttributes = {
					1F8FB7EC2194A6C100C8F556 = {
						CreatedOnToolsVersion = 10.0;
						DevelopmentTeam = W532XC988Y;
						ProvisioningStyle = Automatic;
					};
					1FE91E701EBB50790056D27D = {
						CreatedOnToolsVersion = 8.3.2;
						DevelopmentTeam = W532XC988Y;
						LastSwiftMigration = 0830;
						ProvisioningStyle = Automatic;
					};
				};
			};
			buildConfigurationList = 1FE91E6B1EBB50790056D27D /* Build configuration list for PBXProject "WinkKit" */;
			compatibilityVersion = "Xcode 3.2";
			developmentRegion = English;
			hasScannedForEncodings = 0;
			knownRegions = (
				English,
				it,
			);
			mainGroup = 1FE91E671EBB50790056D27D;
			productRefGroup = 1FE91E721EBB50790056D27D /* Products */;
			projectDirPath = "";
			projectRoot = "";
			targets = (
				1FE91E701EBB50790056D27D /* WinkKit */,
				1F8FB7EC2194A6C100C8F556 /* Tests */,
			);
		};
/* End PBXProject section */

/* Begin PBXResourcesBuildPhase section */
		1F8FB7EB2194A6C100C8F556 /* Resources */ = {
			isa = PBXResourcesBuildPhase;
			buildActionMask = 2147483647;
			files = (
				1F0586952198FE0100C862E6 /* Test.storyboard in Resources */,
			);
			runOnlyForDeploymentPostprocessing = 0;
		};
		1FE91E6F1EBB50790056D27D /* Resources */ = {
			isa = PBXResourcesBuildPhase;
			buildActionMask = 2147483647;
			files = (
			);
			runOnlyForDeploymentPostprocessing = 0;
		};
/* End PBXResourcesBuildPhase section */

/* Begin PBXShellScriptBuildPhase section */
		6FF27D7451CEF8F9A3E68E0B /* [CP] Check Pods Manifest.lock */ = {
			isa = PBXShellScriptBuildPhase;
			buildActionMask = 2147483647;
			files = (
			);
			inputPaths = (
				"${PODS_PODFILE_DIR_PATH}/Podfile.lock",
				"${PODS_ROOT}/Manifest.lock",
			);
			name = "[CP] Check Pods Manifest.lock";
			outputPaths = (
				"$(DERIVED_FILE_DIR)/Pods-WinkKit-checkManifestLockResult.txt",
			);
			runOnlyForDeploymentPostprocessing = 0;
			shellPath = /bin/sh;
			shellScript = "diff \"${PODS_PODFILE_DIR_PATH}/Podfile.lock\" \"${PODS_ROOT}/Manifest.lock\" > /dev/null\nif [ $? != 0 ] ; then\n    # print error to STDERR\n    echo \"error: The sandbox is not in sync with the Podfile.lock. Run 'pod install' or update your CocoaPods installation.\" >&2\n    exit 1\nfi\n# This output is used by Xcode 'outputs' to avoid re-running this script phase.\necho \"SUCCESS\" > \"${SCRIPT_OUTPUT_FILE_0}\"\n";
			showEnvVarsInLog = 0;
		};
		BD5ABF17C7B6A9C602D9DF11 /* [CP] Check Pods Manifest.lock */ = {
			isa = PBXShellScriptBuildPhase;
			buildActionMask = 2147483647;
			files = (
			);
			inputPaths = (
				"${PODS_PODFILE_DIR_PATH}/Podfile.lock",
				"${PODS_ROOT}/Manifest.lock",
			);
			name = "[CP] Check Pods Manifest.lock";
			outputPaths = (
				"$(DERIVED_FILE_DIR)/Pods-Tests-checkManifestLockResult.txt",
			);
			runOnlyForDeploymentPostprocessing = 0;
			shellPath = /bin/sh;
			shellScript = "diff \"${PODS_PODFILE_DIR_PATH}/Podfile.lock\" \"${PODS_ROOT}/Manifest.lock\" > /dev/null\nif [ $? != 0 ] ; then\n    # print error to STDERR\n    echo \"error: The sandbox is not in sync with the Podfile.lock. Run 'pod install' or update your CocoaPods installation.\" >&2\n    exit 1\nfi\n# This output is used by Xcode 'outputs' to avoid re-running this script phase.\necho \"SUCCESS\" > \"${SCRIPT_OUTPUT_FILE_0}\"\n";
			showEnvVarsInLog = 0;
		};
/* End PBXShellScriptBuildPhase section */

/* Begin PBXSourcesBuildPhase section */
		1F8FB7E92194A6C100C8F556 /* Sources */ = {
			isa = PBXSourcesBuildPhase;
			buildActionMask = 2147483647;
			files = (
				1F8FB7FF2195D1B100C8F556 /* TestViewController.swift in Sources */,
				1F9B18C621B6C5E8009BC109 /* TestModels.swift in Sources */,
				1FB7F323226A72EF0006DA76 /* TestViewControllerWithInit.swift in Sources */,
				1F8FB7F02194A6C100C8F556 /* IBDesignableTests.swift in Sources */,
				1F8FB8022195D20800C8F556 /* ViewControllerAndPresenterTests.swift in Sources */,
				1F9B18C221B6C411009BC109 /* NetworkingTests.swift in Sources */,
				1FB7F321226A68450006DA76 /* TestPresenterWithInit.swift in Sources */,
				1F8FB8002195D1B100C8F556 /* TestPresenter.swift in Sources */,
			);
			runOnlyForDeploymentPostprocessing = 0;
		};
		1FE91E6C1EBB50790056D27D /* Sources */ = {
			isa = PBXSourcesBuildPhase;
			buildActionMask = 2147483647;
			files = (
				1F34ADA622636D5F00371DEC /* WKResult.swift in Sources */,
				1F34ADB022636D5F00371DEC /* UIColor.swift in Sources */,
				1F34ADCD22636E4700371DEC /* WKVoidBody.swift in Sources */,
				1F34ADC622636D5F00371DEC /* WKCollectionView.swift in Sources */,
				1F34ADAB22636D5F00371DEC /* MimeType.swift in Sources */,
				1F34ADC822636D5F00371DEC /* WKCollectionViewInfiniteDataSourceDelegate.swift in Sources */,
				1F34ADC922636D5F00371DEC /* WKCollectionViewCell.swift in Sources */,
				1F34ADD122636EAE00371DEC /* WKSimpleResult.swift in Sources */,
				1F34ADC022636D5F00371DEC /* WKSpinnerCell.swift in Sources */,
				1F34ADBF22636D5F00371DEC /* WKButton.swift in Sources */,
				1F34ADD422636F0C00371DEC /* WKCode.swift in Sources */,
				1F34ADB422636D5F00371DEC /* WKViewControllerPresenter.swift in Sources */,
				1F34ADCF22636E6D00371DEC /* WKFullResult.swift in Sources */,
				1F34ADC122636D5F00371DEC /* WKTableView.swift in Sources */,
				1F34ADC422636D5F00371DEC /* WKTableViewInfiniteDataSourceDelegate.swift in Sources */,
				1F34ADAA22636D5F00371DEC /* WKRequest.swift in Sources */,
				1F34ADA822636D5F00371DEC /* WinkKit+Alamofire DataRequest.swift in Sources */,
				1F34ADAD22636D5F00371DEC /* Logger.swift in Sources */,
				1F34ADB122636D5F00371DEC /* OptionalProtocol.swift in Sources */,
				1F34ADB222636D5F00371DEC /* UIWindow.swift in Sources */,
				1F34ADAE22636D5F00371DEC /* ProcessInfoUtils.swift in Sources */,
				1F34ADB622636D5F00371DEC /* WKViewController.swift in Sources */,
				1F34ADC722636D5F00371DEC /* WKCollectionViewDataSource.swift in Sources */,
				1F34ADA722636D5F00371DEC /* WKApiBodyError.swift in Sources */,
				1F34ADBE22636D5F00371DEC /* WKImageView.swift in Sources */,
				1F34ADDB226371B300371DEC /* WKApiError.swift in Sources */,
				1F34ADCA22636D5F00371DEC /* WKNetworkReachabilityHelper.swift in Sources */,
				1F34ADAF22636D5F00371DEC /* Collection.swift in Sources */,
				1F34ADB522636D5F00371DEC /* WKPresenter.swift in Sources */,
				1F34ADB822636D5F00371DEC /* SharedViewControllerMethods.swift in Sources */,
				1FB7F328226A75AD0006DA76 /* Globals.swift in Sources */,
				1F34ADAC22636D5F00371DEC /* WKService.swift in Sources */,
				1F34ADB722636D5F00371DEC /* WKCollectionViewController.swift in Sources */,
				1F34ADD622636F6100371DEC /* WKMiscCode.swift in Sources */,
				1F34ADB922636D5F00371DEC /* WKTableViewController.swift in Sources */,
				1F34ADD92263718A00371DEC /* WKApiSimpleError.swift in Sources */,
				1F34ADC222636D5F00371DEC /* WKTableViewDataSource.swift in Sources */,
				1F34ADA522636D5F00371DEC /* CGColor.swift in Sources */,
				1F34ADBD22636D5F00371DEC /* WKLabel.swift in Sources */,
				1F34ADBB22636D5F00371DEC /* WKTextField.swift in Sources */,
				1F34ADA922636D5F00371DEC /* WKStatusCode.swift in Sources */,
				1F34ADBC22636D5F00371DEC /* WKTextView.swift in Sources */,
				1F34ADB322636D5F00371DEC /* WKNavigator.swift in Sources */,
				1F34ADC522636D5F00371DEC /* WKView.swift in Sources */,
				1F34ADBA22636D5F00371DEC /* WKBaseViewController.swift in Sources */,
				1F34ADC322636D5F00371DEC /* WKTableViewCell.swift in Sources */,
			);
			runOnlyForDeploymentPostprocessing = 0;
		};
/* End PBXSourcesBuildPhase section */

/* Begin PBXTargetDependency section */
		1F8FB7F42194A6C100C8F556 /* PBXTargetDependency */ = {
			isa = PBXTargetDependency;
			target = 1FE91E701EBB50790056D27D /* WinkKit */;
			targetProxy = 1F8FB7F32194A6C100C8F556 /* PBXContainerItemProxy */;
		};
/* End PBXTargetDependency section */

/* Begin XCBuildConfiguration section */
		1F8FB7F52194A6C200C8F556 /* Debug */ = {
			isa = XCBuildConfiguration;
			baseConfigurationReference = CF42279FE85FCB69D6721D8C /* Pods-Tests.debug.xcconfig */;
			buildSettings = {
				ALWAYS_EMBED_SWIFT_STANDARD_LIBRARIES = YES;
				ALWAYS_SEARCH_USER_PATHS = NO;
				CLANG_CXX_LANGUAGE_STANDARD = "gnu++14";
				CLANG_ENABLE_OBJC_WEAK = YES;
				CLANG_WARN_BLOCK_CAPTURE_AUTORELEASING = YES;
				CLANG_WARN_COMMA = YES;
				CLANG_WARN_DEPRECATED_OBJC_IMPLEMENTATIONS = YES;
				CLANG_WARN_NON_LITERAL_NULL_CONVERSION = YES;
				CLANG_WARN_OBJC_IMPLICIT_RETAIN_SELF = YES;
				CLANG_WARN_OBJC_LITERAL_CONVERSION = YES;
				CLANG_WARN_RANGE_LOOP_ANALYSIS = YES;
				CLANG_WARN_STRICT_PROTOTYPES = YES;
				CLANG_WARN_UNGUARDED_AVAILABILITY = YES_AGGRESSIVE;
				CODE_SIGN_IDENTITY = "iPhone Developer";
				CODE_SIGN_STYLE = Automatic;
				DEVELOPMENT_TEAM = W532XC988Y;
				FRAMEWORK_SEARCH_PATHS = "";
				GCC_C_LANGUAGE_STANDARD = gnu11;
				INFOPLIST_FILE = Tests/Info.plist;
				IPHONEOS_DEPLOYMENT_TARGET = 12.0;
				LD_RUNPATH_SEARCH_PATHS = "$(inherited) @executable_path/Frameworks @loader_path/Frameworks";
				MTL_ENABLE_DEBUG_INFO = INCLUDE_SOURCE;
				MTL_FAST_MATH = YES;
				PRODUCT_BUNDLE_IDENTIFIER = by.wink.WinkKit.Tests;
				PRODUCT_NAME = "$(TARGET_NAME)";
				SWIFT_VERSION = 5.0;
				TARGETED_DEVICE_FAMILY = "1,2";
			};
			name = Debug;
		};
		1F8FB7F62194A6C200C8F556 /* Release */ = {
			isa = XCBuildConfiguration;
			baseConfigurationReference = 7A78A43582D825089ED440A6 /* Pods-Tests.release.xcconfig */;
			buildSettings = {
				ALWAYS_EMBED_SWIFT_STANDARD_LIBRARIES = YES;
				ALWAYS_SEARCH_USER_PATHS = NO;
				CLANG_CXX_LANGUAGE_STANDARD = "gnu++14";
				CLANG_ENABLE_OBJC_WEAK = YES;
				CLANG_WARN_BLOCK_CAPTURE_AUTORELEASING = YES;
				CLANG_WARN_COMMA = YES;
				CLANG_WARN_DEPRECATED_OBJC_IMPLEMENTATIONS = YES;
				CLANG_WARN_NON_LITERAL_NULL_CONVERSION = YES;
				CLANG_WARN_OBJC_IMPLICIT_RETAIN_SELF = YES;
				CLANG_WARN_OBJC_LITERAL_CONVERSION = YES;
				CLANG_WARN_RANGE_LOOP_ANALYSIS = YES;
				CLANG_WARN_STRICT_PROTOTYPES = YES;
				CLANG_WARN_UNGUARDED_AVAILABILITY = YES_AGGRESSIVE;
				CODE_SIGN_IDENTITY = "iPhone Developer";
				CODE_SIGN_STYLE = Automatic;
				DEVELOPMENT_TEAM = W532XC988Y;
				FRAMEWORK_SEARCH_PATHS = "";
				GCC_C_LANGUAGE_STANDARD = gnu11;
				INFOPLIST_FILE = Tests/Info.plist;
				IPHONEOS_DEPLOYMENT_TARGET = 12.0;
				LD_RUNPATH_SEARCH_PATHS = "$(inherited) @executable_path/Frameworks @loader_path/Frameworks";
				MTL_FAST_MATH = YES;
				PRODUCT_BUNDLE_IDENTIFIER = by.wink.WinkKit.Tests;
				PRODUCT_NAME = "$(TARGET_NAME)";
				SWIFT_VERSION = 5.0;
				TARGETED_DEVICE_FAMILY = "1,2";
			};
			name = Release;
		};
		1FE91E771EBB50790056D27D /* Debug */ = {
			isa = XCBuildConfiguration;
			buildSettings = {
				ALWAYS_SEARCH_USER_PATHS = NO;
				CLANG_ANALYZER_NONNULL = YES;
				CLANG_ANALYZER_NUMBER_OBJECT_CONVERSION = YES_AGGRESSIVE;
				CLANG_CXX_LANGUAGE_STANDARD = "gnu++0x";
				CLANG_CXX_LIBRARY = "libc++";
				CLANG_ENABLE_MODULES = YES;
				CLANG_ENABLE_OBJC_ARC = YES;
				CLANG_WARN_BOOL_CONVERSION = YES;
				CLANG_WARN_CONSTANT_CONVERSION = YES;
				CLANG_WARN_DIRECT_OBJC_ISA_USAGE = YES_ERROR;
				CLANG_WARN_DOCUMENTATION_COMMENTS = YES;
				CLANG_WARN_EMPTY_BODY = YES;
				CLANG_WARN_ENUM_CONVERSION = YES;
				CLANG_WARN_INFINITE_RECURSION = YES;
				CLANG_WARN_INT_CONVERSION = YES;
				CLANG_WARN_OBJC_ROOT_CLASS = YES_ERROR;
				CLANG_WARN_SUSPICIOUS_MOVE = YES;
				CLANG_WARN_UNREACHABLE_CODE = YES;
				CLANG_WARN__DUPLICATE_METHOD_MATCH = YES;
				"CODE_SIGN_IDENTITY[sdk=iphoneos*]" = "iPhone Developer";
				COPY_PHASE_STRIP = NO;
				CURRENT_PROJECT_VERSION = 1;
				DEBUG_INFORMATION_FORMAT = dwarf;
				ENABLE_STRICT_OBJC_MSGSEND = YES;
				ENABLE_TESTABILITY = YES;
				GCC_C_LANGUAGE_STANDARD = gnu99;
				GCC_DYNAMIC_NO_PIC = NO;
				GCC_NO_COMMON_BLOCKS = YES;
				GCC_OPTIMIZATION_LEVEL = 0;
				GCC_PREPROCESSOR_DEFINITIONS = (
					"DEBUG=1",
					"$(inherited)",
				);
				GCC_WARN_64_TO_32_BIT_CONVERSION = YES;
				GCC_WARN_ABOUT_RETURN_TYPE = YES_ERROR;
				GCC_WARN_UNDECLARED_SELECTOR = YES;
				GCC_WARN_UNINITIALIZED_AUTOS = YES_AGGRESSIVE;
				GCC_WARN_UNUSED_FUNCTION = YES;
				GCC_WARN_UNUSED_VARIABLE = YES;
				IPHONEOS_DEPLOYMENT_TARGET = 10.3;
				MTL_ENABLE_DEBUG_INFO = YES;
				ONLY_ACTIVE_ARCH = YES;
				SDKROOT = iphoneos;
				SWIFT_ACTIVE_COMPILATION_CONDITIONS = DEBUG;
				SWIFT_OPTIMIZATION_LEVEL = "-Onone";
				SWIFT_VERSION = 4.0;
				TARGETED_DEVICE_FAMILY = "1,2";
				VERSIONING_SYSTEM = "apple-generic";
				VERSION_INFO_PREFIX = "";
			};
			name = Debug;
		};
		1FE91E781EBB50790056D27D /* Release */ = {
			isa = XCBuildConfiguration;
			buildSettings = {
				ALWAYS_SEARCH_USER_PATHS = NO;
				CLANG_ANALYZER_NONNULL = YES;
				CLANG_ANALYZER_NUMBER_OBJECT_CONVERSION = YES_AGGRESSIVE;
				CLANG_CXX_LANGUAGE_STANDARD = "gnu++0x";
				CLANG_CXX_LIBRARY = "libc++";
				CLANG_ENABLE_MODULES = YES;
				CLANG_ENABLE_OBJC_ARC = YES;
				CLANG_WARN_BOOL_CONVERSION = YES;
				CLANG_WARN_CONSTANT_CONVERSION = YES;
				CLANG_WARN_DIRECT_OBJC_ISA_USAGE = YES_ERROR;
				CLANG_WARN_DOCUMENTATION_COMMENTS = YES;
				CLANG_WARN_EMPTY_BODY = YES;
				CLANG_WARN_ENUM_CONVERSION = YES;
				CLANG_WARN_INFINITE_RECURSION = YES;
				CLANG_WARN_INT_CONVERSION = YES;
				CLANG_WARN_OBJC_ROOT_CLASS = YES_ERROR;
				CLANG_WARN_SUSPICIOUS_MOVE = YES;
				CLANG_WARN_UNREACHABLE_CODE = YES;
				CLANG_WARN__DUPLICATE_METHOD_MATCH = YES;
				"CODE_SIGN_IDENTITY[sdk=iphoneos*]" = "iPhone Developer";
				COPY_PHASE_STRIP = NO;
				CURRENT_PROJECT_VERSION = 1;
				DEBUG_INFORMATION_FORMAT = "dwarf-with-dsym";
				ENABLE_NS_ASSERTIONS = NO;
				ENABLE_STRICT_OBJC_MSGSEND = YES;
				GCC_C_LANGUAGE_STANDARD = gnu99;
				GCC_NO_COMMON_BLOCKS = YES;
				GCC_WARN_64_TO_32_BIT_CONVERSION = YES;
				GCC_WARN_ABOUT_RETURN_TYPE = YES_ERROR;
				GCC_WARN_UNDECLARED_SELECTOR = YES;
				GCC_WARN_UNINITIALIZED_AUTOS = YES_AGGRESSIVE;
				GCC_WARN_UNUSED_FUNCTION = YES;
				GCC_WARN_UNUSED_VARIABLE = YES;
				IPHONEOS_DEPLOYMENT_TARGET = 10.3;
				MTL_ENABLE_DEBUG_INFO = NO;
				SDKROOT = iphoneos;
				SWIFT_OPTIMIZATION_LEVEL = "-Owholemodule";
				SWIFT_VERSION = 4.0;
				TARGETED_DEVICE_FAMILY = "1,2";
				VALIDATE_PRODUCT = YES;
				VERSIONING_SYSTEM = "apple-generic";
				VERSION_INFO_PREFIX = "";
			};
			name = Release;
		};
		1FE91E7A1EBB50790056D27D /* Debug */ = {
			isa = XCBuildConfiguration;
			baseConfigurationReference = 4E7C28F52F68CB8A26811266 /* Pods-WinkKit.debug.xcconfig */;
			buildSettings = {
				CLANG_ENABLE_MODULES = YES;
				CODE_SIGN_IDENTITY = "";
				DEFINES_MODULE = YES;
				DEVELOPMENT_TEAM = W532XC988Y;
				DYLIB_COMPATIBILITY_VERSION = 1;
				DYLIB_CURRENT_VERSION = 1;
				DYLIB_INSTALL_NAME_BASE = "@rpath";
				FRAMEWORK_SEARCH_PATHS = "";
				INFOPLIST_FILE = WinkKit/Info.plist;
				INSTALL_PATH = "$(LOCAL_LIBRARY_DIR)/Frameworks";
				LD_RUNPATH_SEARCH_PATHS = "$(inherited) @executable_path/Frameworks @loader_path/Frameworks";
				PRODUCT_BUNDLE_IDENTIFIER = by.wink.WinkKit;
				PRODUCT_NAME = "$(TARGET_NAME)";
				SKIP_INSTALL = YES;
				SWIFT_OPTIMIZATION_LEVEL = "-Onone";
				SWIFT_VERSION = 5.0;
			};
			name = Debug;
		};
		1FE91E7B1EBB50790056D27D /* Release */ = {
			isa = XCBuildConfiguration;
			baseConfigurationReference = 285246A7C12C21590E6C6E75 /* Pods-WinkKit.release.xcconfig */;
			buildSettings = {
				CLANG_ENABLE_MODULES = YES;
				CODE_SIGN_IDENTITY = "";
				DEFINES_MODULE = YES;
				DEVELOPMENT_TEAM = W532XC988Y;
				DYLIB_COMPATIBILITY_VERSION = 1;
				DYLIB_CURRENT_VERSION = 1;
				DYLIB_INSTALL_NAME_BASE = "@rpath";
				FRAMEWORK_SEARCH_PATHS = "";
				INFOPLIST_FILE = WinkKit/Info.plist;
				INSTALL_PATH = "$(LOCAL_LIBRARY_DIR)/Frameworks";
				LD_RUNPATH_SEARCH_PATHS = "$(inherited) @executable_path/Frameworks @loader_path/Frameworks";
				PRODUCT_BUNDLE_IDENTIFIER = by.wink.WinkKit;
				PRODUCT_NAME = "$(TARGET_NAME)";
				SKIP_INSTALL = YES;
				SWIFT_VERSION = 5.0;
			};
			name = Release;
		};
/* End XCBuildConfiguration section */

/* Begin XCConfigurationList section */
		1F8FB7F72194A6CA00C8F556 /* Build configuration list for PBXNativeTarget "Tests" */ = {
			isa = XCConfigurationList;
			buildConfigurations = (
				1F8FB7F52194A6C200C8F556 /* Debug */,
				1F8FB7F62194A6C200C8F556 /* Release */,
			);
			defaultConfigurationIsVisible = 0;
			defaultConfigurationName = Release;
		};
		1FE91E6B1EBB50790056D27D /* Build configuration list for PBXProject "WinkKit" */ = {
			isa = XCConfigurationList;
			buildConfigurations = (
				1FE91E771EBB50790056D27D /* Debug */,
				1FE91E781EBB50790056D27D /* Release */,
			);
			defaultConfigurationIsVisible = 0;
			defaultConfigurationName = Release;
		};
		1FE91E791EBB50790056D27D /* Build configuration list for PBXNativeTarget "WinkKit" */ = {
			isa = XCConfigurationList;
			buildConfigurations = (
				1FE91E7A1EBB50790056D27D /* Debug */,
				1FE91E7B1EBB50790056D27D /* Release */,
			);
			defaultConfigurationIsVisible = 0;
			defaultConfigurationName = Release;
		};
/* End XCConfigurationList section */
	};
	rootObject = 1FE91E681EBB50790056D27D /* Project object */;
}
